# This file is automatically @generated by Poetry 2.4.1 and should not be changed by hand.

[[package]]
name = "greenlet"
version = "3.2.5"
description = "Lightweight in-process concurrent programming"
optional = false
python-versions = ">=3.9"
groups = ["main"]
markers = "python_version == \"3.9\""
files = [
    {file = "greenlet-3.2.5-cp310-cp310-macosx_11_0_universal2.whl", hash = "sha256:34cc7cf8ab6f4b85298b01e13e881265ee7b3c1daf6bc10a2944abc15d4f87c3"},
    {file = "greenlet-3.2.5-cp310-cp310-manylinux2014_aarch64.manylinux_2_17_aarch64.whl", hash = "sha256:c11fe0cfb0ce33132f0b5d27eeadd1954976a82e5e9b60909ec2c4b884a55382"},
    {file = "greenlet-3.2.5-cp310-cp310-manylinux2014_ppc64le.manylinux_2_17_ppc64le.whl", hash = "sha256:a145f4b1c4ed7a2c94561b7f18b4beec3d3fb6f0580db22f7ed1d544e0620b34"},
    {file = "greenlet-3.2.5-cp310-cp310-manylinux2014_s390x.manylinux_2_17_s390x.whl", hash = "sha256:edbf4ab9a7057ee430a678fe2ef37ea5d69125d6bdc7feb42ed8d871c737e63b"},
    {file = "greenlet-3.2.5-cp310-cp310-manylinux2014_x86_64.manylinux_2_17_x86_64.whl", hash = "sha256:cc1d01bdd67db3e5711e6246e451d7a0f75fae7bbf40adde129296a7f9aa7cc9"},
    {file = "greenlet-3.2.5-cp310-cp310-manylinux_2_24_x86_64.manylinux_2_28_x86_64.whl", hash = "sha256:bd593db7ee1fa8a513a48a404f8cc4126998a48025e3f5cbbc68d51be0a6bf66"},
    {file = "greenlet-3.2.5-cp310-cp310-musllinux_1_1_aarch64.whl", hash = "sha256:ac8db07bced2c39b987bba13a3195f8157b0cfbce54488f86919321444a1cc3c"},
    {file = "greenlet-3.2.5-cp310-cp310-musllinux_1_1_x86_64.whl", hash = "sha256:4544ab2cfd5912e42458b13516429e029f87d8bbcdc8d5506db772941ae12493"},
    {file = "greenlet-3.2.5-cp311-cp311-macosx_11_0_universal2.whl", hash = "sha256:acabf468466d18017e2ae5fbf1a5a88b86b48983e550e1ae1437b69a83d9f4ac"},
    {file = "greenlet-3.2.5-cp311-cp311-manylinux2014_aarch64.manylinux_2_17_aarch64.whl", hash = "sha256:472841de62d60f2cafd60edd4fd4dd7253eb70e6eaf14b8990dcaf177f4af957"},
    {file = "greenlet-3.2.5-cp311-cp311-manylinux2014_ppc64le.manylinux_2_17_ppc64le.whl", hash = "sha256:7d951e7d628a6e8b68af469f0fe4f100ef64c4054abeb9cdafbfaa30a920c950"},
    {file = "greenlet-3.2.5-cp311-cp311-manylinux2014_s390x.manylinux_2_17_s390x.whl", hash = "sha256:87b791dd0e031a574249af717ac36f7031b18c35329561c1e0368201c18caf1f"},
    {file = "greenlet-3.2.5-cp311-cp311-manylinux2014_x86_64.manylinux_2_17_x86_64.whl", hash = "sha256:c8317d732e2ae0935d9ed2af2ea876fa714cf6f3b887a31ca150b54329b0a6e9"},
    {file = "greenlet-3.2.5-cp311-cp311-manylinux_2_24_x86_64.manylinux_2_28_x86_64.whl", hash = "sha256:ce8aed6fdd5e07d3cbb988cbdc188266a4eb9e1a52db9ef5c6526e59962d3933"},
    {file = "greenlet-3.2.5-cp311-cp311-musllinux_1_1_aarch64.whl", hash = "sha256:60c06b502d56d5451f60ca665691da29f79ed95e247bcf8ce5024d7bbe64acb9"},
    {file = "greenlet-3.2.5-cp311-cp311-musllinux_1_1_x86_64.whl", hash = "sha256:0d2a78e6f1bf3f1672df91e212a2f8314e1e7c922f065d14cbad4bc815059467"},
    {file = "greenlet-3.2.5-cp312-cp312-macosx_11_0_universal2.whl", hash = "sha256:2acb30e77042f747ca81f0a10cc153296567e92e666c5e1b117f4595afd43352"},
    {file = "greenlet-3.2.5-cp312-cp312-manylinux2014_aarch64.manylinux_2_17_aarch64.whl", hash = "sha256:393c03c26c865f17f31d8db2f09603fadbe0581ad85a5d5908b131549fc38217"},
    {file = "greenlet-3.2.5-cp312-cp312-manylinux2014_ppc64le.manylinux_2_17_ppc64le.whl", hash = "sha256:04e6a202cde56043fd355fefd1552c4caa5c087528121871d950eb4f1b51fa99"},
    {file = "greenlet-3.2.5-cp312-cp312-manylinux2014_s390x.manylinux_2_17_s390x.whl", hash = "sha256:d5583b2ffa677578a384337ee13125bdf9a427485d689014b39d638a4f3d8dbe"},
    {file = "greenlet-3.2.5-cp312-cp312-manylinux2014_x86_64.manylinux_2_17_x86_64.whl", hash = "sha256:45fcea7b697b91290b36eafc12fff479aca6ba6500d98ef6f34d5634c7119cbe"},
    {file = "greenlet-3.2.5-cp312-cp312-manylinux_2_24_x86_64.manylinux_2_28_x86_64.whl", hash = "sha256:f96e2bb8a56b7e1aed1dbfbbe0050cb2ecca99c7c91892fd1771e3afab63b3e3"},
    {file = "greenlet-3.2.5-cp312-cp312-musllinux_1_1_aarch64.whl", hash = "sha256:d7456e67b0be653dfe643bb37d9566cd30939c80f858e2ce6d2d54951f75b14a"},
    {file = "greenlet-3.2.5-cp312-cp312-musllinux_1_1_x86_64.whl", hash = "sha256:5ceb29d1f74c7280befbbfa27b9bf91ba4a07a1a00b2179a5d953fc219b16c42"},
    {file = "greenlet-3.2.5-cp313-cp313-macosx_11_0_universal2.whl", hash = "sha256:f2cc88b50b9006b324c1b9f5f3552f9d4564c78af57cdfb4c7baf4f0aa089146"},
    {file = "greenlet-3.2.5-cp313-cp313-manylinux2014_aarch64.manylinux_2_17_aarch64.whl", hash = "sha256:e66872daffa360b2537170b73ad530f14fa31785b1bc78080125d92edf0a6def"},
    {file = "greenlet-3.2.5-cp313-cp313-manylinux2014_ppc64le.manylinux_2_17_ppc64le.whl", hash = "sha256:c5445ddb7b586d870dad32ca9fc47c287d6022a528d194efdb8912093c5303ad"},
    {file = "greenlet-3.2.5-cp313-cp313-manylinux2014_s390x.manylinux_2_17_s390x.whl", hash = "sha256:fd904626b8779810062cb455514594776e3cba3b8c0ba4939894df9f7b384971"},
    {file = "greenlet-3.2.5-cp313-cp313-manylinux2014_x86_64.manylinux_2_17_x86_64.whl", hash = "sha256:752c896a8c976548faafe8a306d446c6a4c68d4fd24699b84d4393bd9ac69a8e"},
    {file = "greenlet-3.2.5-cp313-cp313-manylinux_2_24_x86_64.manylinux_2_28_x86_64.whl", hash = "sha256:499b809e7738c8af0ff9ac9d5dd821cb93f4293065a9237543217f0b252f950a"},
    {file = "greenlet-3.2.5-cp313-cp313-musllinux_1_1_aarch64.whl", hash = "sha256:2c7429f6e9cea7cbf2637d86d3db12806ba970f7f972fcab39d6b54b4457cbaf"},
    {file = "greenlet-3.2.5-cp313-cp313-musllinux_1_1_x86_64.whl", hash = "sha256:a5e4b25e855800fba17713020c5c33e0a4b7a1829027719344f0c7c8870092a2"},
    {file = "greenlet-3.2.5-cp314-cp314-macosx_11_0_universal2.whl", hash = "sha256:7123b29e6bad2f3f89681be4ef316480fca798ebe8d22fbaced9cc3775007a4f"},
    {file = "greenlet-3.2.5-cp314-cp314-manylinux2014_aarch64.manylinux_2_17_aarch64.whl", hash = "sha256:6e8fe0c72603201a86b2e038daf9b6c8570715f8779566419cff543b6ace88de"},
    {file = "greenlet-3.2.5-cp314-cp314-manylinux2014_ppc64le.manylinux_2_17_ppc64le.whl", hash = "sha256:050703a60603db0e817364d69e048c70af299040c13a7e67792b9e62d4571196"},
    {file = "greenlet-3.2.5-cp314-cp314-manylinux2014_s390x.manylinux_2_17_s390x.whl", hash = "sha256:04633da773ae432649a3f092a8e4add390732cc9e1ab52c8ff2c91b8dc86f202"},
    {file = "greenlet-3.2.5-cp314-cp314-manylinux2014_x86_64.manylinux_2_17_x86_64.whl", hash = "sha256:6712bfd520530eb67331813f7112d3ee18e206f48b3d026d8a96cd2d2ad20251"},
    {file = "greenlet-3.2.5-cp314-cp314-manylinux_2_24_x86_64.manylinux_2_28_x86_64.whl", hash = "sha256:0bc06a78fa3ffbe2a75f1ebc7e040eacf6fa1050a9432953ab111fbbbf0d03c1"},
    {file = "greenlet-3.2.5-cp39-cp39-macosx_11_0_universal2.whl", hash = "sha256:dbe0e81e24982bb45907ca20152b31c2e3300ca352fdc4acbd4956e4a2cbc195"},
    {file = "greenlet-3.2.5-cp39-cp39-manylinux2014_aarch64.manylinux_2_17_aarch64.whl", hash = "sha256:15871afc0d78ec87d15d8412b337f287fc69f8f669346e391585824970931c48"},
    {file = "greenlet-3.2.5-cp39-cp39-manylinux2014_ppc64le.manylinux_2_17_ppc64le.whl", hash = "sha256:5bf0d7d62e356ef2e87e55e46a4e930ac165f9372760fb983b5631bb479e9d3a"},
    {file = "greenlet-3.2.5-cp39-cp39-manylinux2014_s390x.manylinux_2_17_s390x.whl", hash = "sha256:e3f03ddd7142c758ab41c18089a1407b9959bd276b4e6dfbd8fd06403832c87a"},
    {file = "greenlet-3.2.5-cp39-cp39-manylinux2014_x86_64.manylinux_2_17_x86_64.whl", hash = "sha256:6dff6433742073e5b6ad40953a78a0e8cddcb3f6869e5ea635d29a810ca5e7d0"},
    {file = "greenlet-3.2.5-cp39-cp39-manylinux_2_24_x86_64.manylinux_2_28_x86_64.whl", hash = "sha256:bdd67619cefe1cc9fcab57c8853d2bb36eca9f166c0058cc0d428d471f7c785c"},
    {file = "greenlet-3.2.5-cp39-cp39-musllinux_1_1_aarch64.whl", hash = "sha256:3828b309dfb1f117fe54867512a8265d8d4f00f8de6908eef9b885f4d8789062"},
    {file = "greenlet-3.2.5-cp39-cp39-musllinux_1_1_x86_64.whl", hash = "sha256:67725ae9fea62c95cf1aa230f1b8d4dc38f7cd14f6103d1df8a5a95657eb8e54"},
    {file = "greenlet-3.2.5.tar.gz", hash = "sha256:c816554eb33e7ecf9ba4defcb1fd8c994e59be6b4110da15480b3e7447ea4286"},
]

[package.extras]
docs = ["Sphinx", "furo"]
test = ["objgraph", "psutil", "setuptools"]

[[package]]
name = "greenlet"
version = "3.5.3"
description = "Lightweight in-process concurrent programming"
optional = false
python-versions = ">=3.10"
groups = ["main"]
markers = "python_version >= \"3.10\""
files = [
    {file = "greenlet-3.5.3-cp310-cp310-macosx_11_0_universal2.whl", hash = "sha256:c180d22d325fb613956b443c3c6f4406eb70e6defc70d3974da2a7b59e06f48c"},
    {file = "greenlet-3.5.3-cp310-cp310-manylinux_2_24_aarch64.manylinux_2_28_aarch64.whl", hash = "sha256:483d08c11181c83a6ce1a7a61df0f624a208ec40817a3bb2302714592eee4f04"},
    {file = "greenlet-3.5.3-cp310-cp310-manylinux_2_24_ppc64le.manylinux_2_28_ppc64le.whl", hash = "sha256:1dae6e0091eae084317e411f047f0b7cb241c6db570f7c45fd6b900a274914ce"},
    {file = "greenlet-3.5.3-cp310-cp310-manylinux_2_24_s390x.manylinux_2_28_s390x.whl", hash = "sha256:0f6ff50ff8dbd51fae9b37f4101648b04ea0df19b3f50ab2beb5061e7716a5c8"},
    {file = "greenlet-3.5.3-cp310-cp310-manylinux_2_24_x86_64.manylinux_2_28_x86_64.whl", hash = "sha256:9bcd2d72ccd70a1ec68ba6ef93e7fbb4420ef9997dabc7010d893bd4015e0bec"},
    {file = "greenlet-3.5.3-cp310-cp310-manylinux_2_39_riscv64.whl", hash = "sha256:37bf9c538f5ae6e63d643f88dec37c0c83bdf0e2ebc62961dedcf458822f7b71"},
    {file = "greenlet-3.5.3-cp310-cp310-musllinux_1_2_aarch64.whl", hash = "sha256:73f152c895e09907e0dbe24f6c2db37beb085cd63db91c3825a0fcd0064124a8"},
    {file = "greenlet-3.5.3-cp310-cp310-musllinux_1_2_x86_64.whl", hash = "sha256:8bdb43e1a1d1873721acab2be99c5befd4d2044ddfd52e4d610801019880a702"},
    {file = "greenlet-3.5.3-cp310-cp310-win_amd64.whl", hash = "sha256:0909f9355a9f24845d3299f3112e266a06afb68302041989fd26bd68894933db"},
    {file = "greenlet-3.5.3-cp311-cp311-macosx_11_0_universal2.whl", hash = "sha256:aca9b4ce85b152b5524ef7d88170efdff80dc0032aa8b75f9aaf7f3479ea95b4"},
    {file = "greenlet-3.5.3-cp311-cp311-manylinux_2_24_aarch64.manylinux_2_28_aarch64.whl", hash = "sha256:0f71be4920368fe1fabeeaa53d1e3548337e2b223d9565f8ad5e392a75ba23fc"},
    {file = "greenlet-3.5.3-cp311-cp311-manylinux_2_24_ppc64le.manylinux_2_28_ppc64le.whl", hash = "sha256:4d77e67f65f98449e3fb83f795b5d0a8437aead2f874ca89c96576caf4be3af6"},
    {file = "greenlet-3.5.3-cp311-cp311-manylinux_2_24_s390x.manylinux_2_28_s390x.whl", hash = "sha256:e18619ba655ac05d78d80fc83cac4ba892bd6927b99e3b8237aee861aaacc8bb"},
    {file = "greenlet-3.5.3-cp311-cp311-manylinux_2_24_x86_64.manylinux_2_28_x86_64.whl", hash = "sha256:8540f1e6205bd13ca0ce685581037219ca54a1b41a0a15d228c6c9b8ad5903d7"},
    {file = "greenlet-3.5.3-cp311-cp311-manylinux_2_39_riscv64.whl", hash = "sha256:d27c0c653a60d9535f690226474a5cc1036a8b0d7b57504d1c4f89c44a07a80c"},
    {file = "greenlet-3.5.3-cp311-cp311-musllinux_1_2_aarch64.whl", hash = "sha256:7ef56fe650f50575bf843acde967b9c567687f3c22340941a899b7bc56e956a8"},
    {file = "greenlet-3.5.3-cp311-cp311-musllinux_1_2_x86_64.whl", hash = "sha256:5121af01cf911e70056c00d4b46d5e9b5d1415550038573d744138bacb59e6b8"},
    {file = "greenlet-3.5.3-cp311-cp311-win_amd64.whl", hash = "sha256:0f41e4a05a3c0cb31b17023eff28dd111e1d16bf7d7d00406cd7df23f31398a7"},
    {file = "greenlet-3.5.3-cp311-cp311-win_arm64.whl", hash = "sha256:ec6f1af59f6b5f3fc9678e2ea062d8377d22ac644f7844cb7a292910cf12ff44"},
    {file = "greenlet-3.5.3-cp312-cp312-macosx_11_0_universal2.whl", hash = "sha256:719757059f5a53fd0dde23f78cffeafcdd97b21c850ddb7ca684a3c1a1f122e2"},
    {file = "greenlet-3.5.3-cp312-cp312-manylinux_2_24_aarch64.manylinux_2_28_aarch64.whl", hash = "sha256:efa9f765dd09f9d0cdac651ffdf631ee59ec5dc6ee7a73e0c012ba9c52fbdf5b"},
    {file = "greenlet-3.5.3-cp312-cp312-manylinux_2_24_ppc64le.manylinux_2_28_ppc64le.whl", hash = "sha256:7faba15ac005376e02a0384504e0243be3370ce010296a44a820feb342b505ab"},
    {file = "greenlet-3.5.3-cp312-cp312-manylinux_2_24_s390x.manylinux_2_28_s390x.whl", hash = "sha256:5795cd1101371140551c645f2d408b8d3c01a5a29cf8a9bce6e759c983682d23"},
    {file = "greenlet-3.5.3-cp312-cp312-manylinux_2_24_x86_64.manylinux_2_28_x86_64.whl", hash = "sha256:87142215824be6ac05e2e8e2786eec307ccbc27c36723c3881959df654af6861"},
    {file = "greenlet-3.5.3-cp312-cp312-manylinux_2_39_riscv64.whl", hash = "sha256:af4923b3096e26a36d7e9cf24ab88083a20f97d191e3b97f253731ce9b41b28c"},
    {file = "greenlet-3.5.3-cp312-cp312-musllinux_1_2_aarch64.whl", hash = "sha256:215275b1b49320987352e6c1b054acca0064f965a2c66992bed9a6f7d913f149"},
    {file = "greenlet-3.5.3-cp312-cp312-musllinux_1_2_x86_64.whl", hash = "sha256:6b1b0eed82364b0e32c4ea0f221452d33e6bb17ae094d9f72aed9851812747ea"},
    {file = "greenlet-3.5.3-cp312-cp312-win_amd64.whl", hash = "sha256:cde8adafa2365676f74a979744629589999093bc86e2484214f58e61df08902c"},
    {file = "greenlet-3.5.3-cp312-cp312-win_arm64.whl", hash = "sha256:c4e7b79d83805475f0102008843f6eb45fd3bb0b2e88c774adab5fbaab27117d"},
    {file = "greenlet-3.5.3-cp313-cp313-macosx_11_0_universal2.whl", hash = "sha256:c8d87c2134d871df96ecdea9cec7cbaab286dadab0f56476e57aaf9e8ac11550"},
    {file = "greenlet-3.5.3-cp313-cp313-manylinux_2_24_aarch64.manylinux_2_28_aarch64.whl", hash = "sha256:a2d185dd1621757e70c3861cceffd5317ab4e7ed7eb09c82994828468527ade5"},
    {file = "greenlet-3.5.3-cp313-cp313-manylinux_2_24_ppc64le.manylinux_2_28_ppc64le.whl", hash = "sha256:1c514a468149bf8fbbab874188a3535cd8a48a3e353eb53a3d424296f8dbacd3"},
    {file = "greenlet-3.5.3-cp313-cp313-manylinux_2_24_s390x.manylinux_2_28_s390x.whl", hash = "sha256:9ad04dd75458c6300b047c61b8639092433d205a25a14e310d6582a480efcca1"},
    {file = "greenlet-3.5.3-cp313-cp313-manylinux_2_24_x86_64.manylinux_2_28_x86_64.whl", hash = "sha256:915f887cf2682b66419b879423a2e072634aa7b7dce6f3ada4957cfced3f1e9a"},
    {file = "greenlet-3.5.3-cp313-cp313-manylinux_2_39_riscv64.whl", hash = "sha256:afaabdd554cd7ae9bbb3ca070b0d7fdfd207dbf1d16865f7233837709d354bda"},
    {file = "greenlet-3.5.3-cp313-cp313-musllinux_1_2_aarch64.whl", hash = "sha256:766cfd421c13e450feb340cd472a3ed9957d438727b7b4593ad7c76c5d2b0deb"},
    {file = "greenlet-3.5.3-cp313-cp313-musllinux_1_2_x86_64.whl", hash = "sha256:2ecda9ec22edf38fa389369eaed8c3d37c05f3c54e69f69438dbb2cc1de1458b"},
    {file = "greenlet-3.5.3-cp313-cp313-win_amd64.whl", hash = "sha256:c82304750f057167ff60d188df1d0cc1764ce9567eadf03e6a7443bcedd0b30b"},
    {file = "greenlet-3.5.3-cp313-cp313-win_arm64.whl", hash = "sha256:dc133a1569ee667b2a6ef56ce551084aeefd87a5acbc4736d336d1e2edc6cfc4"},
    {file = "greenlet-3.5.3-cp314-cp314-macosx_11_0_universal2.whl", hash = "sha256:fd2e02fa07485778536a036222d616ab957b1d533f36b3ed98ce725d9c9d3117"},
    {file = "greenlet-3.5.3-cp314-cp314-manylinux_2_24_aarch64.manylinux_2_28_aarch64.whl", hash = "sha256:df0a0628d1597eb0897b62f55d1343f772405fd25f3b2a796c76874b0c2e22e8"},
    {file = "greenlet-3.5.3-cp314-cp314-manylinux_2_24_ppc64le.manylinux_2_28_ppc64le.whl", hash = "sha256:ebd933a6adabc298bab47731a130fe6bfb888bd934eee37810f151159544540d"},
    {file = "greenlet-3.5.3-cp314-cp314-manylinux_2_24_s390x.manylinux_2_28_s390x.whl", hash = "sha256:8d19fe6c39ebff9259f07bcc685d3290f8fa4ea2278e51dd0008e4d6b0f2d814"},
    {file = "greenlet-3.5.3-cp314-cp314-manylinux_2_24_x86_64.manylinux_2_28_x86_64.whl", hash = "sha256:4b9d501b40e80b70e32323c799dd9b420a5577a9601469d362ae1ffb690f3a7c"},
    {file = "greenlet-3.5.3-cp314-cp314-manylinux_2_39_riscv64.whl", hash = "sha256:962c5df2db8cb446da51edf1ca5296c389d93b99c9d8aa2ee4c7d0d8f1218260"},
    {file = "greenlet-3.5.3-cp314-cp314-musllinux_1_2_aarch64.whl", hash = "sha256:a1fad1d11e7d6aab184107baa8e4ece11ccba3ec9599cd7efa5ff4d70d43256a"},
    {file = "greenlet-3.5.3-cp314-cp314-musllinux_1_2_x86_64.whl", hash = "sha256:fad5aec764399f1b5cc347ad250a59660f20c8f8888ea6bae1f93b769cce1154"},
    {file = "greenlet-3.5.3-cp314-cp314-win_amd64.whl", hash = "sha256:7669aa24cf2a1041d6f7899575b494a3ab4cf68bfcc8609b1dc0be7272db835e"},
    {file = "greenlet-3.5.3-cp314-cp314-win_arm64.whl", hash = "sha256:5b4807c4082c9d1b6d9eed56fcd041863e37f2228106eef24c30ca096e238605"},
    {file = "greenlet-3.5.3-cp314-cp314t-macosx_11_0_universal2.whl", hash = "sha256:271a8ea7c1024e8a0d7dd2be66dd66dda8a07193f41a17b9e924f7600f5b62be"},
    {file = "greenlet-3.5.3-cp314-cp314t-manylinux_2_24_aarch64.manylinux_2_28_aarch64.whl", hash = "sha256:19131729ae0ddc3c2e1ef85e650169b5e37ee32e400f215f78b94d7b0d567310"},
    {file = "greenlet-3.5.3-cp314-cp314t-manylinux_2_24_ppc64le.manylinux_2_28_ppc64le.whl", hash = "sha256:1540dd8e5fc2a5aec40fbb98ef8e149fa47c89a4b4a1cf2575a14d3d1869d7a8"},
    {file = "greenlet-3.5.3-cp314-cp314t-manylinux_2_24_s390x.manylinux_2_28_s390x.whl", hash = "sha256:b897d97759425953f69a9c0fac67f8fe333ec0ce7377ef186fb2b0c3ad5e354d"},
    {file = "greenlet-3.5.3-cp314-cp314t-manylinux_2_24_x86_64.manylinux_2_28_x86_64.whl", hash = "sha256:e81fa194a1d20967877bdf9c7794db2bc99063e5be36aee710c08f04c5bb087f"},
    {file = "greenlet-3.5.3-cp314-cp314t-manylinux_2_39_riscv64.whl", hash = "sha256:3236754d423955ea08e9bb5f6c04a7895f9e22c290b66aa7653fcb922d839eb0"},
    {file = "greenlet-3.5.3-cp314-cp314t-musllinux_1_2_aarch64.whl", hash = "sha256:55cf4d777485d43110e47133cbba6d74a8885a87ec1227ef0267f9ee80c5aa21"},
    {file = "greenlet-3.5.3-cp314-cp314t-musllinux_1_2_x86_64.whl", hash = "sha256:12a248ba75f6a9a236375f52296c498c89ff1d8badf32deb9eca7abd5853f7da"},
    {file = "greenlet-3.5.3-cp314-cp314t-win_amd64.whl", hash = "sha256:efc6bd60ea02e085862c74a3ef64b147ffc6f1a5ea7d9f26e7a939943f68c1e3"},
    {file = "greenlet-3.5.3-cp315-cp315-macosx_11_0_universal2.whl", hash = "sha256:ea03f2f04367845d6b58eeed276e1e56e51f0b97d8ad5a88a7d20a91dc9056cc"},
    {file = "greenlet-3.5.3-cp315-cp315-manylinux_2_24_aarch64.manylinux_2_28_aarch64.whl", hash = "sha256:78dbef602fda6d97d957eb7937f70c9ce9e9527330347f8f6b6f9e554a9e7a47"},
    {file = "greenlet-3.5.3-cp315-cp315-manylinux_2_24_ppc64le.manylinux_2_28_ppc64le.whl", hash = "sha256:6f73857adb8fee13fa56c172bd11262f888c0c648f9fea113e777bb2c7904a81"},
    {file = "greenlet-3.5.3-cp315-cp315-manylinux_2_24_s390x.manylinux_2_28_s390x.whl", hash = "sha256:cefa9cef4b371f9844c6053db71f1138bc6807bab1578b0dae5149c1f1141357"},
    {file = "greenlet-3.5.3-cp315-cp315-manylinux_2_24_x86_64.manylinux_2_28_x86_64.whl", hash = "sha256:232fec92e823addaf02d9472cf7381e24a1d046a6ced1103c5caa4c21b9dfc1d"},
    {file = "greenlet-3.5.3-cp315-cp315-manylinux_2_39_riscv64.whl", hash = "sha256:6219b6d04dbf6ba6084d77dc609e8473060dc55f759cbf626d512122781fa128"},
    {file = "greenlet-3.5.3-cp315-cp315-musllinux_1_2_aarch64.whl", hash = "sha256:2421c3564da9429d5586d46ca31ebb26516b5498a802cf65c041a8e8a8980d34"},
    {file = "greenlet-3.5.3-cp315-cp315-musllinux_1_2_x86_64.whl", hash = "sha256:e0f0d160f0b2e558e6c75f7930967183255dc9735e5f5b8cae58ee09c9576d8b"},
    {file = "greenlet-3.5.3-cp315-cp315-win_amd64.whl", hash = "sha256:dd99329bbc15ca78dcc583dba05d0b1b0bae01ab6c2174989f5aaee3e41ac930"},
    {file = "greenlet-3.5.3-cp315-cp315-win_arm64.whl", hash = "sha256:499fef2acede88c1864a57bb586b4bf533c81e1b82df7ab93451cdb47dfec227"},
    {file = "greenlet-3.5.3-cp315-cp315t-macosx_11_0_universal2.whl", hash = "sha256:176bc16a721fa5fc294d70b87b4dfa5fbdd251b3da5d5372735ecef9bd7d6d0c"},
    {file = "greenlet-3.5.3-cp315-cp315t-manylinux_2_24_aarch64.manylinux_2_28_aarch64.whl", hash = "sha256:629b614d2b786e89c50440e246f33eea78f58a962d0bdbbcc809e6d13605903f"},
    {file = "greenlet-3.5.3-cp315-cp315t-manylinux_2_24_ppc64le.manylinux_2_28_ppc64le.whl", hash = "sha256:2b2e857ae16f5f72142edf75f9f176fe7526ba19a2841df1420516f83831c9f2"},
    {file = "greenlet-3.5.3-cp315-cp315t-manylinux_2_24_s390x.manylinux_2_28_s390x.whl", hash = "sha256:16d192579ed281051396dddd7f7754dac6259e6b1fb26378c87b66622f8e3f91"},
    {file = "greenlet-3.5.3-cp315-cp315t-manylinux_2_24_x86_64.manylinux_2_28_x86_64.whl", hash = "sha256:e515757e2e36bcbf1fad09a46e1557e8b1ae1797d4b44d09da7deed88ad28608"},
    {file = "greenlet-3.5.3-cp315-cp315t-manylinux_2_39_riscv64.whl", hash = "sha256:4399eb8d041f20b68d943918bc55502a93d6fdc0a37c14da7881c04139acee9d"},
    {file = "greenlet-3.5.3-cp315-cp315t-musllinux_1_2_aarch64.whl", hash = "sha256:b363d46ed1ea431825fdb01471bb024fc08399bad1572a616e853c7684415adb"},
    {file = "greenlet-3.5.3-cp315-cp315t-musllinux_1_2_x86_64.whl", hash = "sha256:e44da2f5bbdaabaf7d80b73dbb430c7035771e9f244e3c8b769715c9d8fa0a16"},
    {file = "greenlet-3.5.3-cp315-cp315t-win_amd64.whl", hash = "sha256:8ff8bed3e3baa20a3ea261ce00526f1898ad4801d4886fd2220580ee0ad8fadf"},
    {file = "greenlet-3.5.3-cp315-cp315t-win_arm64.whl", hash = "sha256:b7068bd09f761f3f5b4d214c2bed063186b2a86148c740b3873e3f56d79bac31"},
    {file = "greenlet-3.5.3.tar.gz", hash = "sha256:a61efc018fd3eb317eeca31aba90ee9e7f26f22884a79b6c6ec715bf71bb62f1"},
]

[package.extras]
docs = ["Sphinx", "furo"]
test = ["objgraph", "psutil", "setuptools"]

[metadata]
lock-version = "2.1"
python-versions = ">=3.9"
content-hash = "ce0ad6b89ff9dad6554d0d41617914546e8ed3541582222810783d687971e7d5"
