version = 1
revision = 3
requires-python = "==3.14.*"
resolution-markers = [
    "sys_platform != 'ios'",
    "sys_platform == 'ios'",
]

[[package]]
name = "asttokens"
version = "3.0.1"
source = { registry = "https://pypi.org/simple" }
sdist = { url = "https://files.pythonhosted.org/packages/be/a5/8e3f9b6771b0b408517c82d97aed8f2036509bc247d46114925e32fe33f0/asttokens-3.0.1.tar.gz", hash = "sha256:71a4ee5de0bde6a31d64f6b13f2293ac190344478f081c3d1bccfcf5eacb0cb7", size = 62308, upload-time = "2025-11-15T16:43:48.578Z" }
wheels = [
    { url = "https://files.pythonhosted.org/packages/d2/39/e7eaf1799466a4aef85b6a4fe7bd175ad2b1c6345066aa33f1f58d4b18d0/asttokens-3.0.1-py3-none-any.whl", hash = "sha256:15a3ebc0f43c2d0a50eeafea25e19046c68398e487b9f1f5b517f7c0f40f976a", size = 27047, upload-time = "2025-11-15T16:43:16.109Z" },
]

[[package]]
name = "colorama"
version = "0.4.6"
source = { registry = "https://pypi.org/simple" }
sdist = { url = "https://files.pythonhosted.org/packages/d8/53/6f443c9a4a8358a93a6792e2acffb9d9d5cb0a5cfd8802644b7b1c9a02e4/colorama-0.4.6.tar.gz", hash = "sha256:08695f5cb7ed6e0531a20572697297273c47b8cae5a63ffc6d6ed5c201be6e44", size = 27697, upload-time = "2022-10-25T02:36:22.414Z" }
wheels = [
    { url = "https://files.pythonhosted.org/packages/d1/d6/3965ed04c63042e047cb6a3e6ed1a63a35087b6a609aa3a15ed8ac56c221/colorama-0.4.6-py2.py3-none-any.whl", hash = "sha256:4f1d9991f5acc0ca119f9d443620b77f9d6b33703e51011c16baf57afb285fc6", size = 25335, upload-time = "2022-10-25T02:36:20.889Z" },
]

[[package]]
name = "cython"
version = "3.2.4"
source = { registry = "https://pypi.org/simple" }
sdist = { url = "https://files.pythonhosted.org/packages/91/85/7574c9cd44b69a27210444b6650f6477f56c75fee1b70d7672d3e4166167/cython-3.2.4.tar.gz", hash = "sha256:84226ecd313b233da27dc2eb3601b4f222b8209c3a7216d8733b031da1dc64e6", size = 3280291, upload-time = "2026-01-04T14:14:14.473Z" }
wheels = [
    { url = "https://files.pythonhosted.org/packages/ee/d7/3bda3efce0c5c6ce79cc21285dbe6f60369c20364e112f5a506ee8a1b067/cython-3.2.4-cp314-cp314-macosx_11_0_arm64.whl", hash = "sha256:d4b4fd5332ab093131fa6172e8362f16adef3eac3179fd24bbdc392531cb82fa", size = 2971496, upload-time = "2026-01-04T14:15:25.038Z" },
    { url = "https://files.pythonhosted.org/packages/89/ed/1021ffc80b9c4720b7ba869aea8422c82c84245ef117ebe47a556bdc00c3/cython-3.2.4-cp314-cp314-manylinux2014_aarch64.manylinux_2_17_aarch64.manylinux_2_28_aarch64.whl", hash = "sha256:e3b5ac54e95f034bc7fb07313996d27cbf71abc17b229b186c1540942d2dc28e", size = 3256146, upload-time = "2026-01-04T14:15:26.741Z" },
    { url = "https://files.pythonhosted.org/packages/0c/51/ca221ec7e94b3c5dc4138dcdcbd41178df1729c1e88c5dfb25f9d30ba3da/cython-3.2.4-cp314-cp314-manylinux2014_x86_64.manylinux_2_17_x86_64.manylinux_2_28_x86_64.whl", hash = "sha256:90f43be4eaa6afd58ce20d970bb1657a3627c44e1760630b82aa256ba74b4acb", size = 3383458, upload-time = "2026-01-04T14:15:28.425Z" },
    { url = "https://files.pythonhosted.org/packages/79/2e/1388fc0243240cd54994bb74f26aaaf3b2e22f89d3a2cf8da06d75d46ca2/cython-3.2.4-cp314-cp314-win_amd64.whl", hash = "sha256:983f9d2bb8a896e16fa68f2b37866ded35fa980195eefe62f764ddc5f9f5ef8e", size = 2791241, upload-time = "2026-01-04T14:15:30.448Z" },
    { url = "https://files.pythonhosted.org/packages/0a/8b/fd393f0923c82be4ec0db712fffb2ff0a7a131707b842c99bf24b549274d/cython-3.2.4-cp39-abi3-macosx_10_9_x86_64.whl", hash = "sha256:36bf3f5eb56d5281aafabecbaa6ed288bc11db87547bba4e1e52943ae6961ccf", size = 2875622, upload-time = "2026-01-04T14:15:39.749Z" },
    { url = "https://files.pythonhosted.org/packages/73/48/48530d9b9d64ec11dbe0dd3178a5fe1e0b27977c1054ecffb82be81e9b6a/cython-3.2.4-cp39-abi3-manylinux1_i686.manylinux_2_28_i686.manylinux_2_5_i686.whl", hash = "sha256:6d5267f22b6451eb1e2e1b88f6f78a2c9c8733a6ddefd4520d3968d26b824581", size = 3210669, upload-time = "2026-01-04T14:15:41.911Z" },
    { url = "https://files.pythonhosted.org/packages/5e/91/4865fbfef1f6bb4f21d79c46104a53d1a3fa4348286237e15eafb26e0828/cython-3.2.4-cp39-abi3-manylinux2014_armv7l.manylinux_2_17_armv7l.manylinux_2_31_armv7l.whl", hash = "sha256:3b6e58f73a69230218d5381817850ce6d0da5bb7e87eb7d528c7027cbba40b06", size = 2856835, upload-time = "2026-01-04T14:15:43.815Z" },
    { url = "https://files.pythonhosted.org/packages/fa/39/60317957dbef179572398253f29d28f75f94ab82d6d39ea3237fb6c89268/cython-3.2.4-cp39-abi3-musllinux_1_2_aarch64.whl", hash = "sha256:e71efb20048358a6b8ec604a0532961c50c067b5e63e345e2e359fff72feaee8", size = 2994408, upload-time = "2026-01-04T14:15:45.422Z" },
    { url = "https://files.pythonhosted.org/packages/8d/30/7c24d9292650db4abebce98abc9b49c820d40fa7c87921c0a84c32f4efe7/cython-3.2.4-cp39-abi3-musllinux_1_2_armv7l.whl", hash = "sha256:28b1e363b024c4b8dcf52ff68125e635cb9cb4b0ba997d628f25e32543a71103", size = 2891478, upload-time = "2026-01-04T14:15:47.394Z" },
    { url = "https://files.pythonhosted.org/packages/86/70/03dc3c962cde9da37a93cca8360e576f904d5f9beecfc9d70b1f820d2e5f/cython-3.2.4-cp39-abi3-musllinux_1_2_i686.whl", hash = "sha256:31a90b4a2c47bb6d56baeb926948348ec968e932c1ae2c53239164e3e8880ccf", size = 3225663, upload-time = "2026-01-04T14:15:49.446Z" },
    { url = "https://files.pythonhosted.org/packages/b1/97/10b50c38313c37b1300325e2e53f48ea9a2c078a85c0c9572057135e31d5/cython-3.2.4-cp39-abi3-musllinux_1_2_x86_64.whl", hash = "sha256:e65e4773021f8dc8532010b4fbebe782c77f9a0817e93886e518c93bd6a44e9d", size = 3115628, upload-time = "2026-01-04T14:15:51.323Z" },
    { url = "https://files.pythonhosted.org/packages/8f/b1/d6a353c9b147848122a0db370863601fdf56de2d983b5c4a6a11e6ee3cd7/cython-3.2.4-cp39-abi3-win32.whl", hash = "sha256:2b1f12c0e4798293d2754e73cd6f35fa5bbdf072bdc14bc6fc442c059ef2d290", size = 2437463, upload-time = "2026-01-04T14:15:53.787Z" },
    { url = "https://files.pythonhosted.org/packages/2d/d8/319a1263b9c33b71343adfd407e5daffd453daef47ebc7b642820a8b68ed/cython-3.2.4-cp39-abi3-win_arm64.whl", hash = "sha256:3b8e62049afef9da931d55de82d8f46c9a147313b69d5ff6af6e9121d545ce7a", size = 2442754, upload-time = "2026-01-04T14:15:55.382Z" },
    { url = "https://files.pythonhosted.org/packages/ff/fa/d3c15189f7c52aaefbaea76fb012119b04b9013f4bf446cb4eb4c26c4e6b/cython-3.2.4-py3-none-any.whl", hash = "sha256:732fc93bc33ae4b14f6afaca663b916c2fdd5dcbfad7114e17fb2434eeaea45c", size = 1257078, upload-time = "2026-01-04T14:14:12.373Z" },
]

[[package]]
name = "decorator"
version = "5.2.1"
source = { registry = "https://pypi.org/simple" }
sdist = { url = "https://files.pythonhosted.org/packages/43/fa/6d96a0978d19e17b68d634497769987b16c8f4cd0a7a05048bec693caa6b/decorator-5.2.1.tar.gz", hash = "sha256:65f266143752f734b0a7cc83c46f4618af75b8c5911b00ccb61d0ac9b6da0360", size = 56711, upload-time = "2025-02-24T04:41:34.073Z" }
wheels = [
    { url = "https://files.pythonhosted.org/packages/4e/8c/f3147f5c4b73e7550fe5f9352eaa956ae838d5c51eb58e7a25b9f3e2643b/decorator-5.2.1-py3-none-any.whl", hash = "sha256:d316bb415a2d9e2d2b3abcc4084c6502fc09240e292cd76a76afc106a1c8e04a", size = 9190, upload-time = "2025-02-24T04:41:32.565Z" },
]

[[package]]
name = "executing"
version = "2.2.1"
source = { registry = "https://pypi.org/simple" }
sdist = { url = "https://files.pythonhosted.org/packages/cc/28/c14e053b6762b1044f34a13aab6859bbf40456d37d23aa286ac24cfd9a5d/executing-2.2.1.tar.gz", hash = "sha256:3632cc370565f6648cc328b32435bd120a1e4ebb20c77e3fdde9a13cd1e533c4", size = 1129488, upload-time = "2025-09-01T09:48:10.866Z" }
wheels = [
    { url = "https://files.pythonhosted.org/packages/c1/ea/53f2148663b321f21b5a606bd5f191517cf40b7072c0497d3c92c4a13b1e/executing-2.2.1-py2.py3-none-any.whl", hash = "sha256:760643d3452b4d777d295bb167ccc74c64a81df23fb5e08eff250c425a4b2017", size = 28317, upload-time = "2025-09-01T09:48:08.5Z" },
]

[[package]]
name = "ipython"
version = "8.39.0"
source = { registry = "https://pypi.org/simple" }
dependencies = [
    { name = "colorama", marker = "sys_platform == 'win32'" },
    { name = "decorator" },
    { name = "jedi" },
    { name = "matplotlib-inline" },
    { name = "pexpect", marker = "sys_platform != 'emscripten' and sys_platform != 'win32'" },
    { name = "prompt-toolkit" },
    { name = "pygments" },
    { name = "stack-data" },
    { name = "traitlets" },
]
sdist = { url = "https://files.pythonhosted.org/packages/40/18/f8598d287006885e7136451fdea0755af4ebcbfe342836f24deefaed1164/ipython-8.39.0.tar.gz", hash = "sha256:4110ae96012c379b8b6db898a07e186c40a2a1ef5d57a7fa83166047d9da7624", size = 5513971, upload-time = "2026-03-27T10:02:13.94Z" }
wheels = [
    { url = "https://files.pythonhosted.org/packages/c0/56/4cc7fc9e9e3f38fd324f24f8afe0ad8bb5fa41283f37f1aaf9de0612c968/ipython-8.39.0-py3-none-any.whl", hash = "sha256:bb3c51c4fa8148ab1dea07a79584d1c854e234ea44aa1283bcb37bc75054651f", size = 831849, upload-time = "2026-03-27T10:02:07.846Z" },
]

[[package]]
name = "jedi"
version = "0.20.0"
source = { registry = "https://pypi.org/simple" }
dependencies = [
    { name = "parso" },
]
sdist = { url = "https://files.pythonhosted.org/packages/46/b7/a3635f6a2d7cf5b5dd98064fc1d5fbbafcb25477bcea204a3a92145d158b/jedi-0.20.0.tar.gz", hash = "sha256:c3f4ccbd276696f4b19c54618d4fb18f9fc24b0aef02acf704b23f487daa1011", size = 3119416, upload-time = "2026-05-01T23:38:47.814Z" }
wheels = [
    { url = "https://files.pythonhosted.org/packages/9a/93/242e2eab5fe682ffcb8b0084bde703a41d51e17ee0f3a31ff0d9d813620a/jedi-0.20.0-py2.py3-none-any.whl", hash = "sha256:7bdd9c2634f56713299976f4cbd59cb3fa92165cc5e05ea811fb253480728b67", size = 4884812, upload-time = "2026-05-01T23:38:43.919Z" },
]

[[package]]
name = "matplotlib-inline"
version = "0.2.2"
source = { registry = "https://pypi.org/simple" }
dependencies = [
    { name = "traitlets" },
]
sdist = { url = "https://files.pythonhosted.org/packages/bd/c0/9f7c9a46090390368a4d7bcb76bb87a4a36c421e4c0792cdb53486ffac7a/matplotlib_inline-0.2.2.tar.gz", hash = "sha256:72f3fe8fce36b70d4a5b612f899090cd0401deddc4ea90e1572b9f4bfb058c79", size = 8150, upload-time = "2026-05-08T17:33:33.49Z" }
wheels = [
    { url = "https://files.pythonhosted.org/packages/41/09/5b161152e2d90f7b87f781c2e1267494aef9c32498df793f73ad0a0a494a/matplotlib_inline-0.2.2-py3-none-any.whl", hash = "sha256:3c821cf1c209f59fb2d2d64abbf5b23b67bcb2210d663f9918dd851c6da1fcf6", size = 9534, upload-time = "2026-05-08T17:33:32.055Z" },
]

[[package]]
name = "meson"
version = "1.11.1"
source = { registry = "https://pypi.org/simple" }
wheels = [
    { url = "https://files.pythonhosted.org/packages/5e/cd/f3a881ff5e601d6bbeff63b38ee2362e1167c47d9cde03eddf8d71a4ffb0/meson-1.11.1-py3-none-any.whl", hash = "sha256:9b3a023657e393dbc5335b95c561337d49b7a458f5541e47ec44f2cc566e0d80", size = 1078534, upload-time = "2026-04-21T03:15:31.611Z" },
]

[[package]]
name = "meson-python"
version = "0.19.0"
source = { registry = "https://pypi.org/simple" }
dependencies = [
    { name = "meson" },
    { name = "packaging" },
    { name = "pyproject-metadata" },
]
sdist = { url = "https://files.pythonhosted.org/packages/32/98/7fe5d1bf741c03c6eea04b6245737dbd79657d4f9200e82fcbb4cc12637b/meson_python-0.19.0.tar.gz", hash = "sha256:9959d198aa69b57fcfd354a34518c6f795b781a73ed0656f4d01660160cc2553", size = 101504, upload-time = "2026-01-15T13:52:44.368Z" }
wheels = [
    { url = "https://files.pythonhosted.org/packages/16/7f/d1b0c65b267a1463d752b324f11d3470e30889daefc4b9ec83029bfa30b5/meson_python-0.19.0-py3-none-any.whl", hash = "sha256:67b5906c37404396d23c195e12c8825506074460d4a2e7083266b845d14f0298", size = 28946, upload-time = "2026-01-15T13:52:43.107Z" },
]

[[package]]
name = "ninja"
version = "1.13.0"
source = { registry = "https://pypi.org/simple" }
sdist = { url = "https://files.pythonhosted.org/packages/43/73/79a0b22fc731989c708068427579e840a6cf4e937fe7ae5c5d0b7356ac22/ninja-1.13.0.tar.gz", hash = "sha256:4a40ce995ded54d9dc24f8ea37ff3bf62ad192b547f6c7126e7e25045e76f978", size = 242558, upload-time = "2025-08-11T15:10:19.421Z" }
wheels = [
    { url = "https://files.pythonhosted.org/packages/3c/74/d02409ed2aa865e051b7edda22ad416a39d81a84980f544f8de717cab133/ninja-1.13.0-py3-none-macosx_10_9_universal2.whl", hash = "sha256:fa2a8bfc62e31b08f83127d1613d10821775a0eb334197154c4d6067b7068ff1", size = 310125, upload-time = "2025-08-11T15:09:50.971Z" },
    { url = "https://files.pythonhosted.org/packages/8e/de/6e1cd6b84b412ac1ef327b76f0641aeb5dcc01e9d3f9eee0286d0c34fd93/ninja-1.13.0-py3-none-manylinux2014_aarch64.manylinux_2_17_aarch64.whl", hash = "sha256:3d00c692fb717fd511abeb44b8c5d00340c36938c12d6538ba989fe764e79630", size = 177467, upload-time = "2025-08-11T15:09:52.767Z" },
    { url = "https://files.pythonhosted.org/packages/c8/83/49320fb6e58ae3c079381e333575fdbcf1cca3506ee160a2dcce775046fa/ninja-1.13.0-py3-none-manylinux2014_i686.manylinux_2_17_i686.whl", hash = "sha256:be7f478ff9f96a128b599a964fc60a6a87b9fa332ee1bd44fa243ac88d50291c", size = 187834, upload-time = "2025-08-11T15:09:54.115Z" },
    { url = "https://files.pythonhosted.org/packages/56/c7/ba22748fb59f7f896b609cd3e568d28a0a367a6d953c24c461fe04fc4433/ninja-1.13.0-py3-none-manylinux2014_ppc64le.manylinux_2_17_ppc64le.whl", hash = "sha256:60056592cf495e9a6a4bea3cd178903056ecb0943e4de45a2ea825edb6dc8d3e", size = 202736, upload-time = "2025-08-11T15:09:55.745Z" },
    { url = "https://files.pythonhosted.org/packages/79/22/d1de07632b78ac8e6b785f41fa9aad7a978ec8c0a1bf15772def36d77aac/ninja-1.13.0-py3-none-manylinux2014_s390x.manylinux_2_17_s390x.whl", hash = "sha256:1c97223cdda0417f414bf864cfb73b72d8777e57ebb279c5f6de368de0062988", size = 179034, upload-time = "2025-08-11T15:09:57.394Z" },
    { url = "https://files.pythonhosted.org/packages/ed/de/0e6edf44d6a04dabd0318a519125ed0415ce437ad5a1ec9b9be03d9048cf/ninja-1.13.0-py3-none-manylinux2014_x86_64.manylinux_2_17_x86_64.whl", hash = "sha256:fb46acf6b93b8dd0322adc3a4945452a4e774b75b91293bafcc7b7f8e6517dfa", size = 180716, upload-time = "2025-08-11T15:09:58.696Z" },
    { url = "https://files.pythonhosted.org/packages/54/28/938b562f9057aaa4d6bfbeaa05e81899a47aebb3ba6751e36c027a7f5ff7/ninja-1.13.0-py3-none-manylinux_2_28_armv7l.manylinux_2_31_armv7l.whl", hash = "sha256:4be9c1b082d244b1ad7ef41eb8ab088aae8c109a9f3f0b3e56a252d3e00f42c1", size = 146843, upload-time = "2025-08-11T15:10:00.046Z" },
    { url = "https://files.pythonhosted.org/packages/2a/fb/d06a3838de4f8ab866e44ee52a797b5491df823901c54943b2adb0389fbb/ninja-1.13.0-py3-none-manylinux_2_31_riscv64.whl", hash = "sha256:6739d3352073341ad284246f81339a384eec091d9851a886dfa5b00a6d48b3e2", size = 154402, upload-time = "2025-08-11T15:10:01.657Z" },
    { url = "https://files.pythonhosted.org/packages/31/bf/0d7808af695ceddc763cf251b84a9892cd7f51622dc8b4c89d5012779f06/ninja-1.13.0-py3-none-musllinux_1_2_aarch64.whl", hash = "sha256:11be2d22027bde06f14c343f01d31446747dbb51e72d00decca2eb99be911e2f", size = 552388, upload-time = "2025-08-11T15:10:03.349Z" },
    { url = "https://files.pythonhosted.org/packages/9d/70/c99d0c2c809f992752453cce312848abb3b1607e56d4cd1b6cded317351a/ninja-1.13.0-py3-none-musllinux_1_2_armv7l.whl", hash = "sha256:aa45b4037b313c2f698bc13306239b8b93b4680eb47e287773156ac9e9304714", size = 472501, upload-time = "2025-08-11T15:10:04.735Z" },
    { url = "https://files.pythonhosted.org/packages/9f/43/c217b1153f0e499652f5e0766da8523ce3480f0a951039c7af115e224d55/ninja-1.13.0-py3-none-musllinux_1_2_i686.whl", hash = "sha256:5f8e1e8a1a30835eeb51db05cf5a67151ad37542f5a4af2a438e9490915e5b72", size = 638280, upload-time = "2025-08-11T15:10:06.512Z" },
    { url = "https://files.pythonhosted.org/packages/8c/45/9151bba2c8d0ae2b6260f71696330590de5850e5574b7b5694dce6023e20/ninja-1.13.0-py3-none-musllinux_1_2_ppc64le.whl", hash = "sha256:3d7d7779d12cb20c6d054c61b702139fd23a7a964ec8f2c823f1ab1b084150db", size = 642420, upload-time = "2025-08-11T15:10:08.35Z" },
    { url = "https://files.pythonhosted.org/packages/3c/fb/95752eb635bb8ad27d101d71bef15bc63049de23f299e312878fc21cb2da/ninja-1.13.0-py3-none-musllinux_1_2_riscv64.whl", hash = "sha256:d741a5e6754e0bda767e3274a0f0deeef4807f1fec6c0d7921a0244018926ae5", size = 585106, upload-time = "2025-08-11T15:10:09.818Z" },
    { url = "https://files.pythonhosted.org/packages/c1/31/aa56a1a286703800c0cbe39fb4e82811c277772dc8cd084f442dd8e2938a/ninja-1.13.0-py3-none-musllinux_1_2_s390x.whl", hash = "sha256:e8bad11f8a00b64137e9b315b137d8bb6cbf3086fbdc43bf1f90fd33324d2e96", size = 707138, upload-time = "2025-08-11T15:10:11.366Z" },
    { url = "https://files.pythonhosted.org/packages/34/6f/5f5a54a1041af945130abdb2b8529cbef0cdcbbf9bcf3f4195378319d29a/ninja-1.13.0-py3-none-musllinux_1_2_x86_64.whl", hash = "sha256:b4f2a072db3c0f944c32793e91532d8948d20d9ab83da9c0c7c15b5768072200", size = 581758, upload-time = "2025-08-11T15:10:13.295Z" },
    { url = "https://files.pythonhosted.org/packages/95/97/51359c77527d45943fe7a94d00a3843b81162e6c4244b3579fe8fc54cb9c/ninja-1.13.0-py3-none-win32.whl", hash = "sha256:8cfbb80b4a53456ae8a39f90ae3d7a2129f45ea164f43fadfa15dc38c4aef1c9", size = 267201, upload-time = "2025-08-11T15:10:15.158Z" },
    { url = "https://files.pythonhosted.org/packages/29/45/c0adfbfb0b5895aa18cec400c535b4f7ff3e52536e0403602fc1a23f7de9/ninja-1.13.0-py3-none-win_amd64.whl", hash = "sha256:fb8ee8719f8af47fed145cced4a85f0755dd55d45b2bddaf7431fa89803c5f3e", size = 309975, upload-time = "2025-08-11T15:10:16.697Z" },
    { url = "https://files.pythonhosted.org/packages/df/93/a7b983643d1253bb223234b5b226e69de6cda02b76cdca7770f684b795f5/ninja-1.13.0-py3-none-win_arm64.whl", hash = "sha256:3c0b40b1f0bba764644385319028650087b4c1b18cdfa6f45cb39a3669b81aa9", size = 290806, upload-time = "2025-08-11T15:10:18.018Z" },
]

[[package]]
name = "numpy"
version = "2.2.6"
source = { registry = "https://pypi.org/simple" }
sdist = { url = "https://files.pythonhosted.org/packages/76/21/7d2a95e4bba9dc13d043ee156a356c0a8f0c6309dff6b21b4d71a073b8a8/numpy-2.2.6.tar.gz", hash = "sha256:e29554e2bef54a90aa5cc07da6ce955accb83f21ab5de01a62c8478897b264fd", size = 20276440, upload-time = "2025-05-17T22:38:04.611Z" }

[[package]]
name = "packaging"
version = "26.2"
source = { registry = "https://pypi.org/simple" }
sdist = { url = "https://files.pythonhosted.org/packages/d7/f1/e7a6dd94a8d4a5626c03e4e99c87f241ba9e350cd9e6d75123f992427270/packaging-26.2.tar.gz", hash = "sha256:ff452ff5a3e828ce110190feff1178bb1f2ea2281fa2075aadb987c2fb221661", size = 228134, upload-time = "2026-04-24T20:15:23.917Z" }
wheels = [
    { url = "https://files.pythonhosted.org/packages/df/b2/87e62e8c3e2f4b32e5fe99e0b86d576da1312593b39f47d8ceef365e95ed/packaging-26.2-py3-none-any.whl", hash = "sha256:5fc45236b9446107ff2415ce77c807cee2862cb6fac22b8a73826d0693b0980e", size = 100195, upload-time = "2026-04-24T20:15:22.081Z" },
]

[[package]]
name = "pandas"
version = "2.2.3"
source = { registry = "https://pypi.org/simple" }
dependencies = [
    { name = "numpy" },
    { name = "python-dateutil" },
    { name = "pytz" },
    { name = "tzdata" },
]
sdist = { url = "https://files.pythonhosted.org/packages/9c/d6/9f8431bacc2e19dca897724cd097b1bb224a6ad5433784a44b587c7c13af/pandas-2.2.3.tar.gz", hash = "sha256:4f18ba62b61d7e192368b84517265a99b4d7ee8912f8708660fb4a366cc82667", size = 4399213, upload-time = "2024-09-20T13:10:04.827Z" }

[[package]]
name = "parso"
version = "0.8.7"
source = { registry = "https://pypi.org/simple" }
sdist = { url = "https://files.pythonhosted.org/packages/30/4b/90c937815137d43ce71ba043cd3566221e9df6b9c805f24b5d138c9d40a7/parso-0.8.7.tar.gz", hash = "sha256:eaaac4c9fdd5e9e8852dc778d2d7405897ec510f2a298071453e5e3a07914bb1", size = 401824, upload-time = "2026-05-01T23:13:02.138Z" }
wheels = [
    { url = "https://files.pythonhosted.org/packages/99/5d/8268b644392ee874ee82a635cd0df1773de230bde356c38de28e298392cc/parso-0.8.7-py2.py3-none-any.whl", hash = "sha256:a8926eb2a1b915486941fdbd31e86a4baf88fe8c210f25f2f35ecec5b574ca1c", size = 107025, upload-time = "2026-05-01T23:12:58.867Z" },
]

[[package]]
name = "pexpect"
version = "4.9.0"
source = { registry = "https://pypi.org/simple" }
dependencies = [
    { name = "ptyprocess" },
]
sdist = { url = "https://files.pythonhosted.org/packages/42/92/cc564bf6381ff43ce1f4d06852fc19a2f11d180f23dc32d9588bee2f149d/pexpect-4.9.0.tar.gz", hash = "sha256:ee7d41123f3c9911050ea2c2dac107568dc43b2d3b0c7557a33212c398ead30f", size = 166450, upload-time = "2023-11-25T09:07:26.339Z" }
wheels = [
    { url = "https://files.pythonhosted.org/packages/9e/c3/059298687310d527a58bb01f3b1965787ee3b40dce76752eda8b44e9a2c5/pexpect-4.9.0-py2.py3-none-any.whl", hash = "sha256:7236d1e080e4936be2dc3e326cec0af72acf9212a7e1d060210e70a47e253523", size = 63772, upload-time = "2023-11-25T06:56:14.81Z" },
]

[[package]]
name = "prompt-toolkit"
version = "3.0.52"
source = { registry = "https://pypi.org/simple" }
dependencies = [
    { name = "wcwidth" },
]
sdist = { url = "https://files.pythonhosted.org/packages/a1/96/06e01a7b38dce6fe1db213e061a4602dd6032a8a97ef6c1a862537732421/prompt_toolkit-3.0.52.tar.gz", hash = "sha256:28cde192929c8e7321de85de1ddbe736f1375148b02f2e17edd840042b1be855", size = 434198, upload-time = "2025-08-27T15:24:02.057Z" }
wheels = [
    { url = "https://files.pythonhosted.org/packages/84/03/0d3ce49e2505ae70cf43bc5bb3033955d2fc9f932163e84dc0779cc47f48/prompt_toolkit-3.0.52-py3-none-any.whl", hash = "sha256:9aac639a3bbd33284347de5ad8d68ecc044b91a762dc39b7c21095fcd6a19955", size = 391431, upload-time = "2025-08-27T15:23:59.498Z" },
]

[[package]]
name = "psycopg2"
version = "2.9.10"
source = { registry = "https://pypi.org/simple" }
sdist = { url = "https://files.pythonhosted.org/packages/62/51/2007ea29e605957a17ac6357115d0c1a1b60c8c984951c19419b3474cdfd/psycopg2-2.9.10.tar.gz", hash = "sha256:12ec0b40b0273f95296233e8750441339298e6a572f7039da5b260e3c8b60e11", size = 385672, upload-time = "2024-10-16T11:24:54.832Z" }

[[package]]
name = "ptyprocess"
version = "0.7.0"
source = { registry = "https://pypi.org/simple" }
sdist = { url = "https://files.pythonhosted.org/packages/20/e5/16ff212c1e452235a90aeb09066144d0c5a6a8c0834397e03f5224495c4e/ptyprocess-0.7.0.tar.gz", hash = "sha256:5c5d0a3b48ceee0b48485e0c26037c0acd7d29765ca3fbb5cb3831d347423220", size = 70762, upload-time = "2020-12-28T15:15:30.155Z" }
wheels = [
    { url = "https://files.pythonhosted.org/packages/22/a6/858897256d0deac81a172289110f31629fc4cee19b6f01283303e18c8db3/ptyprocess-0.7.0-py2.py3-none-any.whl", hash = "sha256:4b41f3967fce3af57cc7e94b888626c18bf37a083e3651ca8feeb66d492fef35", size = 13993, upload-time = "2020-12-28T15:15:28.35Z" },
]

[[package]]
name = "pure-eval"
version = "0.2.3"
source = { registry = "https://pypi.org/simple" }
sdist = { url = "https://files.pythonhosted.org/packages/cd/05/0a34433a064256a578f1783a10da6df098ceaa4a57bbeaa96a6c0352786b/pure_eval-0.2.3.tar.gz", hash = "sha256:5f4e983f40564c576c7c8635ae88db5956bb2229d7e9237d03b3c0b0190eaf42", size = 19752, upload-time = "2024-07-21T12:58:21.801Z" }
wheels = [
    { url = "https://files.pythonhosted.org/packages/8e/37/efad0257dc6e593a18957422533ff0f87ede7c9c6ea010a2177d738fb82f/pure_eval-0.2.3-py3-none-any.whl", hash = "sha256:1db8e35b67b3d218d818ae653e27f06c3aa420901fa7b081ca98cbedc874e0d0", size = 11842, upload-time = "2024-07-21T12:58:20.04Z" },
]

[[package]]
name = "pygments"
version = "2.20.0"
source = { registry = "https://pypi.org/simple" }
sdist = { url = "https://files.pythonhosted.org/packages/c3/b2/bc9c9196916376152d655522fdcebac55e66de6603a76a02bca1b6414f6c/pygments-2.20.0.tar.gz", hash = "sha256:6757cd03768053ff99f3039c1a36d6c0aa0b263438fcab17520b30a303a82b5f", size = 4955991, upload-time = "2026-03-29T13:29:33.898Z" }
wheels = [
    { url = "https://files.pythonhosted.org/packages/f4/7e/a72dd26f3b0f4f2bf1dd8923c85f7ceb43172af56d63c7383eb62b332364/pygments-2.20.0-py3-none-any.whl", hash = "sha256:81a9e26dd42fd28a23a2d169d86d7ac03b46e2f8b59ed4698fb4785f946d0176", size = 1231151, upload-time = "2026-03-29T13:29:30.038Z" },
]

[[package]]
name = "pyproject-metadata"
version = "0.11.0"
source = { registry = "https://pypi.org/simple" }
dependencies = [
    { name = "packaging" },
]
sdist = { url = "https://files.pythonhosted.org/packages/83/fa/8bf4fa41adfebd95dce360afe3f5fca243a17932089d3d5486e95ca44c57/pyproject_metadata-0.11.0.tar.gz", hash = "sha256:c72fa49418bb7c5a10f25e050c418009898d1c051721d19f98a6fb6da59a66cf", size = 43799, upload-time = "2026-02-09T19:12:50.578Z" }
wheels = [
    { url = "https://files.pythonhosted.org/packages/1d/0b/da4851b1e2d9c40c9bd74c0abd94510a7d797da9ccde0a90e8953751ed4a/pyproject_metadata-0.11.0-py3-none-any.whl", hash = "sha256:85bbecca8694e2c00f63b492c96921d6c228454057c88e7c352b2077fcaa4096", size = 22040, upload-time = "2026-02-09T19:12:49.184Z" },
]

[[package]]
name = "python-dateutil"
version = "2.9.0.post0"
source = { registry = "https://pypi.org/simple" }
dependencies = [
    { name = "six" },
]
sdist = { url = "https://files.pythonhosted.org/packages/66/c0/0c8b6ad9f17a802ee498c46e004a0eb49bc148f2fd230864601a86dcf6db/python-dateutil-2.9.0.post0.tar.gz", hash = "sha256:37dd54208da7e1cd875388217d5e00ebd4179249f90fb72437e91a35459a0ad3", size = 342432, upload-time = "2024-03-01T18:36:20.211Z" }
wheels = [
    { url = "https://files.pythonhosted.org/packages/ec/57/56b9bcc3c9c6a792fcbaf139543cee77261f3651ca9da0c93f5c1221264b/python_dateutil-2.9.0.post0-py2.py3-none-any.whl", hash = "sha256:a8b2bc7bffae282281c8140a97d3aa9c14da0b136dfe83f850eea9a5f7470427", size = 229892, upload-time = "2024-03-01T18:36:18.57Z" },
]

[[package]]
name = "pytz"
version = "2026.2"
source = { registry = "https://pypi.org/simple" }
sdist = { url = "https://files.pythonhosted.org/packages/ff/46/dd499ec9038423421951e4fad73051febaa13d2df82b4064f87af8b8c0c3/pytz-2026.2.tar.gz", hash = "sha256:0e60b47b29f21574376f218fe21abc009894a2321ea16c6754f3cad6eb7cdd6a", size = 320861, upload-time = "2026-05-04T01:35:29.667Z" }
wheels = [
    { url = "https://files.pythonhosted.org/packages/ec/dd/96da98f892250475bdf2328112d7468abdd4acc7b902b6af23f4ed958ea0/pytz-2026.2-py2.py3-none-any.whl", hash = "sha256:04156e608bee23d3792fd45c94ae47fae1036688e75032eea2e3bf0323d1f126", size = 510141, upload-time = "2026-05-04T01:35:27.408Z" },
]

[[package]]
name = "rules-pycross-example-external-linking"
version = "0.1"
source = { editable = "." }
dependencies = [
    { name = "cython" },
    { name = "ipython" },
    { name = "meson" },
    { name = "meson-python" },
    { name = "ninja" },
    { name = "numpy" },
    { name = "pandas" },
    { name = "psycopg2" },
    { name = "setproctitle" },
    { name = "setuptools" },
    { name = "versioneer" },
    { name = "wheel" },
]

[package.metadata]
requires-dist = [
    { name = "cython", specifier = ">=3.0.6" },
    { name = "ipython", specifier = ">=8.0.1" },
    { name = "meson" },
    { name = "meson-python", specifier = ">=0.15.0" },
    { name = "ninja" },
    { name = "numpy", specifier = "==2.2.6" },
    { name = "pandas", specifier = "==2.2.3" },
    { name = "psycopg2", specifier = "==2.9.10" },
    { name = "setproctitle", specifier = "==1.3.2" },
    { name = "setuptools", specifier = "==69.5.1" },
    { name = "versioneer", extras = ["toml"] },
    { name = "wheel", specifier = "==0.37.0" },
]

[[package]]
name = "setproctitle"
version = "1.3.2"
source = { registry = "https://pypi.org/simple" }
sdist = { url = "https://files.pythonhosted.org/packages/b5/47/ac709629ddb9779fee29b7d10ae9580f60a4b37e49bce72360ddf9a79cdc/setproctitle-1.3.2.tar.gz", hash = "sha256:b9fb97907c830d260fa0658ed58afd48a86b2b88aac521135c352ff7fd3477fd", size = 27173, upload-time = "2022-08-11T11:13:25.768Z" }

[[package]]
name = "setuptools"
version = "69.5.1"
source = { registry = "https://pypi.org/simple" }
sdist = { url = "https://files.pythonhosted.org/packages/d6/4f/b10f707e14ef7de524fe1f8988a294fb262a29c9b5b12275c7e188864aed/setuptools-69.5.1.tar.gz", hash = "sha256:6c1fccdac05a97e598fb0ae3bbed5904ccb317337a51139dcd51453611bbb987", size = 2291314, upload-time = "2024-04-13T21:06:28.589Z" }
wheels = [
    { url = "https://files.pythonhosted.org/packages/f7/29/13965af254e3373bceae8fb9a0e6ea0d0e571171b80d6646932131d6439b/setuptools-69.5.1-py3-none-any.whl", hash = "sha256:c636ac361bc47580504644275c9ad802c50415c7522212252c033bd15f301f32", size = 894566, upload-time = "2024-04-13T21:06:23.256Z" },
]

[[package]]
name = "six"
version = "1.17.0"
source = { registry = "https://pypi.org/simple" }
sdist = { url = "https://files.pythonhosted.org/packages/94/e7/b2c673351809dca68a0e064b6af791aa332cf192da575fd474ed7d6f16a2/six-1.17.0.tar.gz", hash = "sha256:ff70335d468e7eb6ec65b95b99d3a2836546063f63acc5171de367e834932a81", size = 34031, upload-time = "2024-12-04T17:35:28.174Z" }
wheels = [
    { url = "https://files.pythonhosted.org/packages/b7/ce/149a00dd41f10bc29e5921b496af8b574d8413afcd5e30dfa0ed46c2cc5e/six-1.17.0-py2.py3-none-any.whl", hash = "sha256:4721f391ed90541fddacab5acf947aa0d3dc7d27b2e1e8eda2be8970586c3274", size = 11050, upload-time = "2024-12-04T17:35:26.475Z" },
]

[[package]]
name = "stack-data"
version = "0.6.3"
source = { registry = "https://pypi.org/simple" }
dependencies = [
    { name = "asttokens" },
    { name = "executing" },
    { name = "pure-eval" },
]
sdist = { url = "https://files.pythonhosted.org/packages/28/e3/55dcc2cfbc3ca9c29519eb6884dd1415ecb53b0e934862d3559ddcb7e20b/stack_data-0.6.3.tar.gz", hash = "sha256:836a778de4fec4dcd1dcd89ed8abff8a221f58308462e1c4aa2a3cf30148f0b9", size = 44707, upload-time = "2023-09-30T13:58:05.479Z" }
wheels = [
    { url = "https://files.pythonhosted.org/packages/f1/7b/ce1eafaf1a76852e2ec9b22edecf1daa58175c090266e9f6c64afcd81d91/stack_data-0.6.3-py3-none-any.whl", hash = "sha256:d5558e0c25a4cb0853cddad3d77da9891a08cb85dd9f9f91b9f8cd66e511e695", size = 24521, upload-time = "2023-09-30T13:58:03.53Z" },
]

[[package]]
name = "traitlets"
version = "5.15.0"
source = { registry = "https://pypi.org/simple" }
sdist = { url = "https://files.pythonhosted.org/packages/1b/22/40f55b26baeab80c2d7b3f1db0682f8954e4617fee7d90ce634022ef05c6/traitlets-5.15.0.tar.gz", hash = "sha256:4fead733f81cf1c4c938e06f8ca4633896833c9d89eff878159457f4d4392971", size = 163197, upload-time = "2026-05-06T08:05:58.016Z" }
wheels = [
    { url = "https://files.pythonhosted.org/packages/da/98/a9937a969d018a23badfea0b381f66783649d48e0ea6c41923265c3cbeb3/traitlets-5.15.0-py3-none-any.whl", hash = "sha256:fb36a18867a6803deab09f3c5e0fa81bb7b26a5c9e82501c9933f759166eff40", size = 85877, upload-time = "2026-05-06T08:05:55.853Z" },
]

[[package]]
name = "tzdata"
version = "2026.2"
source = { registry = "https://pypi.org/simple" }
sdist = { url = "https://files.pythonhosted.org/packages/ba/19/1b9b0e29f30c6d35cb345486df41110984ea67ae69dddbc0e8a100999493/tzdata-2026.2.tar.gz", hash = "sha256:9173fde7d80d9018e02a662e168e5a2d04f87c41ea174b139fbef642eda62d10", size = 198254, upload-time = "2026-04-24T15:22:08.651Z" }
wheels = [
    { url = "https://files.pythonhosted.org/packages/ce/e4/dccd7f47c4b64213ac01ef921a1337ee6e30e8c6466046018326977efd95/tzdata-2026.2-py2.py3-none-any.whl", hash = "sha256:bbe9af844f658da81a5f95019480da3a89415801f6cc966806612cc7169bffe7", size = 349321, upload-time = "2026-04-24T15:22:05.876Z" },
]

[[package]]
name = "versioneer"
version = "0.29"
source = { registry = "https://pypi.org/simple" }
sdist = { url = "https://files.pythonhosted.org/packages/32/d7/854e45d2b03e1a8ee2aa6429dd396d002ce71e5d88b77551b2fb249cb382/versioneer-0.29.tar.gz", hash = "sha256:5ab283b9857211d61b53318b7c792cf68e798e765ee17c27ade9f6c924235731", size = 75141, upload-time = "2023-07-07T15:09:28.131Z" }
wheels = [
    { url = "https://files.pythonhosted.org/packages/b0/79/f0f1ca286b78f6f33c521a36b5cbd5bd697c0d66217d8856f443aeb9dd77/versioneer-0.29-py3-none-any.whl", hash = "sha256:0f1a137bb5d6811e96a79bb0486798aeae9b9c6efc24b389659cebb0ee396cb9", size = 46785, upload-time = "2023-07-07T15:09:26.545Z" },
]

[[package]]
name = "wcwidth"
version = "0.7.0"
source = { registry = "https://pypi.org/simple" }
sdist = { url = "https://files.pythonhosted.org/packages/2c/ee/afaf0f85a9a18fe47a67f1e4422ed6cf1fe642f0ae0a2f81166231303c52/wcwidth-0.7.0.tar.gz", hash = "sha256:90e3a7ea092341c44b99562e75d09e4d5160fe7a3974c6fb842a101a95e7eed0", size = 182132, upload-time = "2026-05-02T16:04:12.653Z" }
wheels = [
    { url = "https://files.pythonhosted.org/packages/41/52/e465037f5375f43533d1a80b6923955201596a99142ed524d77b571a1418/wcwidth-0.7.0-py3-none-any.whl", hash = "sha256:5d69154c429a82910e241c738cd0e2976fac8a2dd47a1a805f4afed1c0f136f2", size = 110825, upload-time = "2026-05-02T16:04:11.033Z" },
]

[[package]]
name = "wheel"
version = "0.37.0"
source = { registry = "https://pypi.org/simple" }
sdist = { url = "https://files.pythonhosted.org/packages/4e/be/8139f127b4db2f79c8b117c80af56a3078cc4824b5b94250c7f81a70e03b/wheel-0.37.0.tar.gz", hash = "sha256:e2ef7239991699e3355d54f8e968a21bb940a1dbf34a4d226741e64462516fad", size = 65671, upload-time = "2021-08-09T20:48:34.787Z" }
wheels = [
    { url = "https://files.pythonhosted.org/packages/04/80/cad93b40262f5d09f6de82adbee452fd43cdff60830b56a74c5930f7e277/wheel-0.37.0-py2.py3-none-any.whl", hash = "sha256:21014b2bd93c6d0034b6ba5d35e4eb284340e09d63c59aef6fc14b0f346146fd", size = 35161, upload-time = "2021-08-09T20:48:33.257Z" },
]
