# This file is @generated by PDM.
# It is not intended for manual editing.

[metadata]
groups = ["default"]
strategy = ["cross_platform", "static_urls"]
lock_version = "4.4"
content_hash = "sha256:fa7e5109b51669370e4fa6e9cb2afc4a6c2783bd10f17375897a715229bafd10"

[[package]]
name = "asttokens"
version = "2.4.1"
summary = "Annotate AST trees with source code positions"
dependencies = [
    "six>=1.12.0",
]
files = [
    {url = "https://files.pythonhosted.org/packages/45/1d/f03bcb60c4a3212e15f99a56085d93093a497718adf828d050b9d675da81/asttokens-2.4.1.tar.gz", hash = "sha256:b03869718ba9a6eb027e134bfdf69f38a236d681c83c160d510768af11254ba0"},
    {url = "https://files.pythonhosted.org/packages/45/86/4736ac618d82a20d87d2f92ae19441ebc7ac9e7a581d7e58bbe79233b24a/asttokens-2.4.1-py2.py3-none-any.whl", hash = "sha256:051ed49c3dcae8913ea7cd08e46a606dba30b79993209636c4875bc1d637bc24"},
]

[[package]]
name = "colorama"
version = "0.4.6"
requires_python = "!=3.0.*,!=3.1.*,!=3.2.*,!=3.3.*,!=3.4.*,!=3.5.*,!=3.6.*,>=2.7"
summary = "Cross-platform colored terminal text."
files = [
    {url = "https://files.pythonhosted.org/packages/d1/d6/3965ed04c63042e047cb6a3e6ed1a63a35087b6a609aa3a15ed8ac56c221/colorama-0.4.6-py2.py3-none-any.whl", hash = "sha256:4f1d9991f5acc0ca119f9d443620b77f9d6b33703e51011c16baf57afb285fc6"},
    {url = "https://files.pythonhosted.org/packages/d8/53/6f443c9a4a8358a93a6792e2acffb9d9d5cb0a5cfd8802644b7b1c9a02e4/colorama-0.4.6.tar.gz", hash = "sha256:08695f5cb7ed6e0531a20572697297273c47b8cae5a63ffc6d6ed5c201be6e44"},
]

[[package]]
name = "decorator"
version = "5.1.1"
requires_python = ">=3.5"
summary = "Decorators for Humans"
files = [
    {url = "https://files.pythonhosted.org/packages/66/0c/8d907af351aa16b42caae42f9d6aa37b900c67308052d10fdce809f8d952/decorator-5.1.1.tar.gz", hash = "sha256:637996211036b6385ef91435e4fae22989472f9d571faba8927ba8253acbc330"},
    {url = "https://files.pythonhosted.org/packages/d5/50/83c593b07763e1161326b3b8c6686f0f4b0f24d5526546bee538c89837d6/decorator-5.1.1-py3-none-any.whl", hash = "sha256:b8c3f85900b9dc423225913c5aace94729fe1fa9763b38939a95226f02d37186"},
]

[[package]]
name = "exceptiongroup"
version = "1.2.0"
requires_python = ">=3.7"
summary = "Backport of PEP 654 (exception groups)"
files = [
    {url = "https://files.pythonhosted.org/packages/8e/1c/beef724eaf5b01bb44b6338c8c3494eff7cab376fab4904cfbbc3585dc79/exceptiongroup-1.2.0.tar.gz", hash = "sha256:91f5c769735f051a4290d52edd0858999b57e5876e9f85937691bd4c9fa3ed68"},
    {url = "https://files.pythonhosted.org/packages/b8/9a/5028fd52db10e600f1c4674441b968cf2ea4959085bfb5b99fb1250e5f68/exceptiongroup-1.2.0-py3-none-any.whl", hash = "sha256:4bfd3996ac73b41e9b9628b04e079f193850720ea5945fc96a08633c66912f14"},
]

[[package]]
name = "executing"
version = "2.0.1"
requires_python = ">=3.5"
summary = "Get the currently executing AST node of a frame, and other information"
files = [
    {url = "https://files.pythonhosted.org/packages/08/41/85d2d28466fca93737592b7f3cc456d1cfd6bcd401beceeba17e8e792b50/executing-2.0.1.tar.gz", hash = "sha256:35afe2ce3affba8ee97f2d69927fa823b08b472b7b994e36a52a964b93d16147"},
    {url = "https://files.pythonhosted.org/packages/80/03/6ea8b1b2a5ab40a7a60dc464d3daa7aa546e0a74d74a9f8ff551ea7905db/executing-2.0.1-py2.py3-none-any.whl", hash = "sha256:eac49ca94516ccc753f9fb5ce82603156e590b27525a8bc32cce8ae302eb61bc"},
]

[[package]]
name = "ipython"
version = "8.21.0"
requires_python = ">=3.10"
summary = "IPython: Productive Interactive Computing"
dependencies = [
    "colorama; sys_platform == \"win32\"",
    "decorator",
    "exceptiongroup; python_version < \"3.11\"",
    "jedi>=0.16",
    "matplotlib-inline",
    "pexpect>4.3; sys_platform != \"win32\"",
    "prompt-toolkit<3.1.0,>=3.0.41",
    "pygments>=2.4.0",
    "stack-data",
    "traitlets>=5",
]
files = [
    {url = "https://files.pythonhosted.org/packages/83/aa/6b5bd15d4914394a4f6bd5a4d88dee2d5ddd1b346b8b60fd9e735223a8ea/ipython-8.21.0.tar.gz", hash = "sha256:48fbc236fbe0e138b88773fa0437751f14c3645fb483f1d4c5dee58b37e5ce73"},
    {url = "https://files.pythonhosted.org/packages/fb/e7/07dc8b6541affd4de15f0e8fc855f238cb93d04c4f8490757226d12cdb5a/ipython-8.21.0-py3-none-any.whl", hash = "sha256:1050a3ab8473488d7eee163796b02e511d0735cf43a04ba2a8348bd0f2eaf8a5"},
]

[[package]]
name = "jedi"
version = "0.19.1"
requires_python = ">=3.6"
summary = "An autocompletion tool for Python that can be used for text editors."
dependencies = [
    "parso<0.9.0,>=0.8.3",
]
files = [
    {url = "https://files.pythonhosted.org/packages/20/9f/bc63f0f0737ad7a60800bfd472a4836661adae21f9c2535f3957b1e54ceb/jedi-0.19.1-py2.py3-none-any.whl", hash = "sha256:e983c654fe5c02867aef4cdfce5a2fbb4a50adc0af145f70504238f18ef5e7e0"},
    {url = "https://files.pythonhosted.org/packages/d6/99/99b493cec4bf43176b678de30f81ed003fd6a647a301b9c927280c600f0a/jedi-0.19.1.tar.gz", hash = "sha256:cf0496f3651bc65d7174ac1b7d043eff454892c708a87d1b683e57b569927ffd"},
]

[[package]]
name = "matplotlib-inline"
version = "0.1.6"
requires_python = ">=3.5"
summary = "Inline Matplotlib backend for Jupyter"
dependencies = [
    "traitlets",
]
files = [
    {url = "https://files.pythonhosted.org/packages/d9/50/3af8c0362f26108e54d58c7f38784a3bdae6b9a450bab48ee8482d737f44/matplotlib-inline-0.1.6.tar.gz", hash = "sha256:f887e5f10ba98e8d2b150ddcf4702c1e5f8b3a20005eb0f74bfdbd360ee6f304"},
    {url = "https://files.pythonhosted.org/packages/f2/51/c34d7a1d528efaae3d8ddb18ef45a41f284eacf9e514523b191b7d0872cc/matplotlib_inline-0.1.6-py3-none-any.whl", hash = "sha256:f1f41aab5328aa5aaea9b16d083b128102f8712542f819fe7e6a420ff581b311"},
]

[[package]]
name = "parso"
version = "0.8.3"
requires_python = ">=3.6"
summary = "A Python Parser"
files = [
    {url = "https://files.pythonhosted.org/packages/05/63/8011bd08a4111858f79d2b09aad86638490d62fbf881c44e434a6dfca87b/parso-0.8.3-py2.py3-none-any.whl", hash = "sha256:c001d4636cd3aecdaf33cbb40aebb59b094be2a74c556778ef5576c175e19e75"},
    {url = "https://files.pythonhosted.org/packages/a2/0e/41f0cca4b85a6ea74d66d2226a7cda8e41206a624f5b330b958ef48e2e52/parso-0.8.3.tar.gz", hash = "sha256:8c07be290bb59f03588915921e29e8a50002acaf2cdc5fa0e0114f91709fafa0"},
]

[[package]]
name = "pexpect"
version = "4.9.0"
summary = "Pexpect allows easy control of interactive console applications."
dependencies = [
    "ptyprocess>=0.5",
]
files = [
    {url = "https://files.pythonhosted.org/packages/42/92/cc564bf6381ff43ce1f4d06852fc19a2f11d180f23dc32d9588bee2f149d/pexpect-4.9.0.tar.gz", hash = "sha256:ee7d41123f3c9911050ea2c2dac107568dc43b2d3b0c7557a33212c398ead30f"},
    {url = "https://files.pythonhosted.org/packages/9e/c3/059298687310d527a58bb01f3b1965787ee3b40dce76752eda8b44e9a2c5/pexpect-4.9.0-py2.py3-none-any.whl", hash = "sha256:7236d1e080e4936be2dc3e326cec0af72acf9212a7e1d060210e70a47e253523"},
]

[[package]]
name = "pillow"
version = "10.2.0"
requires_python = ">=3.8"
summary = "Python Imaging Library (Fork)"
files = [
    {url = "https://files.pythonhosted.org/packages/00/43/1ca3313b56ef623de0afebfe3d7a6e9c07e1a76c50ce191302018907b2b5/pillow-10.2.0-cp312-cp312-manylinux_2_28_aarch64.whl", hash = "sha256:52a50aa3fb3acb9cf7213573ef55d31d6eca37f5709c69e6858fe3bc04a5c2a2"},
    {url = "https://files.pythonhosted.org/packages/08/c1/b5218b5e4966c872bdae69c679b7d8f6e1ebd3338df47659d6c314b99c54/pillow-10.2.0-pp310-pypy310_pp73-win_amd64.whl", hash = "sha256:a2b56ba36e05f973d450582fb015594aaa78834fefe8dfb8fcd79b93e64ba4c6"},
    {url = "https://files.pythonhosted.org/packages/09/1f/b01ddb19acb325f1ee569cae9b914ce30f589f43d089e572ec6fd632f560/pillow-10.2.0-cp311-cp311-musllinux_1_1_aarch64.whl", hash = "sha256:c8de2789052ed501dd829e9cae8d3dcce7acb4777ea4a479c14521c942d395b1"},
    {url = "https://files.pythonhosted.org/packages/17/99/455970c10f53a3fe892a2b29ba2d094cd6820bdb739936a0336d8a09bd3d/pillow-10.2.0-cp310-cp310-macosx_11_0_arm64.whl", hash = "sha256:83b2021f2ade7d1ed556bc50a399127d7fb245e725aa0113ebd05cfe88aaf588"},
    {url = "https://files.pythonhosted.org/packages/17/b8/1b8a7b1018b45a0d29a8f6b356c0b3d55c470da5e890433bd3bdba0d5713/pillow-10.2.0-cp310-cp310-musllinux_1_1_x86_64.whl", hash = "sha256:69ffdd6120a4737710a9eee73e1d2e37db89b620f702754b8f6e62594471dee0"},
    {url = "https://files.pythonhosted.org/packages/18/6c/04ef8c00c258df1f0f4ef940d76bc278d15693fbb3268da00b9f4b145ad6/pillow-10.2.0-cp311-cp311-manylinux_2_28_aarch64.whl", hash = "sha256:716d30ed977be8b37d3ef185fecb9e5a1d62d110dfbdcd1e2a122ab46fddb03f"},
    {url = "https://files.pythonhosted.org/packages/2c/36/57c68f5d03b471c4bd7302821b4fcb6f126ba91f78b590ffce00a8c2ac42/pillow-10.2.0-cp311-cp311-manylinux_2_17_aarch64.manylinux2014_aarch64.whl", hash = "sha256:773efe0603db30c281521a7c0214cad7836c03b8ccff897beae9b47c0b657d61"},
    {url = "https://files.pythonhosted.org/packages/37/d5/2c00228ace73a7855a52053a92fdd6cea9b22393fbf3961125c11829dcd2/pillow-10.2.0-cp312-cp312-macosx_10_10_x86_64.whl", hash = "sha256:1b5e1b74d1bd1b78bc3477528919414874748dd363e6272efd5abf7654e68bef"},
    {url = "https://files.pythonhosted.org/packages/43/56/f92715a873187b5eff72a4a0d2ac6258e18e9bfb0e136aafde65c49a841a/pillow-10.2.0-cp311-cp311-win_amd64.whl", hash = "sha256:1da3b2703afd040cf65ec97efea81cfba59cdbed9c11d8efc5ab09df9509fc56"},
    {url = "https://files.pythonhosted.org/packages/45/44/cae1cb1abc50a97463094274f4c555f349340f7974ab13f929b4a633c4cd/pillow-10.2.0-cp310-cp310-win32.whl", hash = "sha256:c6dafac9e0f2b3c78df97e79af707cdc5ef8e88208d686a4847bab8266870023"},
    {url = "https://files.pythonhosted.org/packages/46/ce/a84284ab66a278825109b03765d7411be3ff18250da44faa9fb5ea9a16a0/pillow-10.2.0-cp311-cp311-macosx_11_0_arm64.whl", hash = "sha256:9c23f307202661071d94b5e384e1e1dc7dfb972a28a2310e4ee16103e66ddb67"},
    {url = "https://files.pythonhosted.org/packages/4a/92/a6eb4a8210d3597897ddf2d6af37898eb74e116bd2c6d2bcd9ac4080ebb5/pillow-10.2.0-cp310-cp310-macosx_10_10_x86_64.whl", hash = "sha256:7823bdd049099efa16e4246bdf15e5a13dbb18a51b68fa06d6c1d4d8b99a796e"},
    {url = "https://files.pythonhosted.org/packages/4f/60/978be50cd6a915c719f5c2b9bdcc50d7a077325bbf1b42ac2cda3699bbd8/pillow-10.2.0-pp310-pypy310_pp73-macosx_10_10_x86_64.whl", hash = "sha256:322209c642aabdd6207517e9739c704dc9f9db943015535783239022002f054a"},
    {url = "https://files.pythonhosted.org/packages/51/07/7e9266a59bb267b56c1f432f6416653b9a78dda771c57740d064a8aa2a44/pillow-10.2.0-cp312-cp312-win_amd64.whl", hash = "sha256:154e939c5f0053a383de4fd3d3da48d9427a7e985f58af8e94d0b3c9fcfcf4f9"},
    {url = "https://files.pythonhosted.org/packages/5c/c6/5b6b1f7362267494a423b45af684d604491565e81436e3ebeefee68f78fd/pillow-10.2.0-cp312-cp312-manylinux_2_28_x86_64.whl", hash = "sha256:127cee571038f252a552760076407f9cff79761c3d436a12af6000cd182a9d04"},
    {url = "https://files.pythonhosted.org/packages/66/9c/2e1877630eb298bbfd23f90deeec0a3f682a4163d5ca9f178937de57346c/pillow-10.2.0-cp311-cp311-manylinux_2_28_x86_64.whl", hash = "sha256:a086c2af425c5f62a65e12fbf385f7c9fcb8f107d0849dba5839461a129cf311"},
    {url = "https://files.pythonhosted.org/packages/73/0b/54df8b49ac8b85ed5aae68b2d8573ed1fb73d0a18a0830a988d0b3431080/pillow-10.2.0-cp310-cp310-manylinux_2_17_x86_64.manylinux2014_x86_64.whl", hash = "sha256:da2b52b37dad6d9ec64e653637a096905b258d2fc2b984c41ae7d08b938a67e4"},
    {url = "https://files.pythonhosted.org/packages/73/89/bef0d3a0e0c2cc054e055a38ca1ac210749b9537cb13b10f6fe0343eed79/pillow-10.2.0-cp311-cp311-win32.whl", hash = "sha256:823ef7a27cf86df6597fa0671066c1b596f69eba53efa3d1e1cb8b30f3533068"},
    {url = "https://files.pythonhosted.org/packages/80/01/e62423cfb6ba96d692ba9d5fb94d8d6bdcaf5655faffa9f10c08362ccd7c/pillow-10.2.0-pp39-pypy39_pp73-manylinux_2_28_x86_64.whl", hash = "sha256:d1b35bcd6c5543b9cb547dee3150c93008f8dd0f1fef78fc0cd2b141c5baf58a"},
    {url = "https://files.pythonhosted.org/packages/80/30/3394d94279cae938ccde51a2959b612b70be315fc8a524a5e1db55cad04a/pillow-10.2.0-pp39-pypy39_pp73-win_amd64.whl", hash = "sha256:fe4c15f6c9285dc54ce6553a3ce908ed37c8f3825b5a51a15c91442bb955b868"},
    {url = "https://files.pythonhosted.org/packages/84/12/16259a832bd1a12751251600674248650cda3203a51c69a6f810b16c815b/pillow-10.2.0-pp39-pypy39_pp73-macosx_10_10_x86_64.whl", hash = "sha256:2247178effb34a77c11c0e8ac355c7a741ceca0a732b27bf11e747bbc950722f"},
    {url = "https://files.pythonhosted.org/packages/85/29/09797f258ecf1430a2066d942d0a6b5896d06c8fe44324c378ef9bd5cffe/pillow-10.2.0-cp310-cp310-manylinux_2_17_aarch64.manylinux2014_aarch64.whl", hash = "sha256:6fad5ff2f13d69b7e74ce5b4ecd12cc0ec530fcee76356cac6742785ff71c452"},
    {url = "https://files.pythonhosted.org/packages/85/ae/4a0c00b32ffe5d9bfb818bab140a0b260817ffa4d700ad0379901ba42999/pillow-10.2.0-cp310-cp310-manylinux_2_28_aarch64.whl", hash = "sha256:47c0995fc4e7f79b5cfcab1fc437ff2890b770440f7696a3ba065ee0fd496563"},
    {url = "https://files.pythonhosted.org/packages/89/1d/23bafc80495b2a902b27d242e9226ea0b74624f108c60f0533329c051f78/pillow-10.2.0-cp311-cp311-macosx_10_10_x86_64.whl", hash = "sha256:35bb52c37f256f662abdfa49d2dfa6ce5d93281d323a9af377a120e89a9eafb5"},
    {url = "https://files.pythonhosted.org/packages/8e/70/8520fb8c5f15a17ffb285be01b79186e89fe5563a05470677ca3f5668beb/pillow-10.2.0-pp310-pypy310_pp73-manylinux_2_17_x86_64.manylinux2014_x86_64.whl", hash = "sha256:cb28c753fd5eb3dd859b4ee95de66cc62af91bcff5db5f2571d32a520baf1f04"},
    {url = "https://files.pythonhosted.org/packages/92/c8/c1a2c4459efcac5bc157354aaac4e8db8cd209d4abed14352dfc492e98ba/pillow-10.2.0-pp39-pypy39_pp73-manylinux_2_28_aarch64.whl", hash = "sha256:7c8f97e8e7a9009bcacbe3766a36175056c12f9a44e6e6f2d5caad06dcfbf03b"},
    {url = "https://files.pythonhosted.org/packages/9c/80/38c68cdd78cd99d9fe9746a1f8f6fd8347a88a9874f1577c4d058c77a981/pillow-10.2.0-pp39-pypy39_pp73-manylinux_2_17_x86_64.manylinux2014_x86_64.whl", hash = "sha256:753cd8f2086b2b80180d9b3010dd4ed147efc167c90d3bf593fe2af21265e5a5"},
    {url = "https://files.pythonhosted.org/packages/9d/a0/28756da34d6b58c3c5f6c1d5589e4e8f4e73472b55875524ae9d6e7e98fe/pillow-10.2.0-cp312-cp312-macosx_11_0_arm64.whl", hash = "sha256:0eae2073305f451d8ecacb5474997c08569fb4eb4ac231ffa4ad7d342fdc25ac"},
    {url = "https://files.pythonhosted.org/packages/a0/61/6cff8a8dbbac3d7fb7adb435b60737a7d0b0849f53e3af38f2c94d988da6/pillow-10.2.0-cp312-cp312-win_arm64.whl", hash = "sha256:f379abd2f1e3dddb2b61bc67977a6b5a0a3f7485538bcc6f39ec76163891ee48"},
    {url = "https://files.pythonhosted.org/packages/a5/23/3c59ba2bb48f2ab2f11c3597f50458f63ed46dcc4cedd3308f6e4ec7271f/pillow-10.2.0-cp311-cp311-manylinux_2_17_x86_64.manylinux2014_x86_64.whl", hash = "sha256:11fa2e5984b949b0dd6d7a94d967743d87c577ff0b83392f17cb3990d0d2fd6e"},
    {url = "https://files.pythonhosted.org/packages/a6/0b/18363dec5f6b3882f7c4dc9cee23dfc3fefa4a7350ff5a98290365734350/pillow-10.2.0-pp310-pypy310_pp73-manylinux_2_28_aarch64.whl", hash = "sha256:33870dc4653c5017bf4c8873e5488d8f8d5f8935e2f1fb9a2208c47cdd66efd2"},
    {url = "https://files.pythonhosted.org/packages/a8/2f/86cf1dc4b0530e4c3e96edd0338dcc4809c2622d9d45460029a71a831473/pillow-10.2.0-cp312-cp312-manylinux_2_17_x86_64.manylinux2014_x86_64.whl", hash = "sha256:1e23412b5c41e58cec602f1135c57dfcf15482013ce6e5f093a86db69646a5aa"},
    {url = "https://files.pythonhosted.org/packages/ab/72/e6a8887c0ce6c94cd0b74fef495a81f4ea4c742242de4bc1943abbd21f92/pillow-10.2.0-cp312-cp312-manylinux_2_17_aarch64.manylinux2014_aarch64.whl", hash = "sha256:b7c2286c23cd350b80d2fc9d424fc797575fb16f854b831d16fd47ceec078f2c"},
    {url = "https://files.pythonhosted.org/packages/ae/94/340ca3ee7b632c2019498e0f1d399530152f8c4e39f8374ace2fec147322/pillow-10.2.0-cp311-cp311-musllinux_1_1_x86_64.whl", hash = "sha256:609448742444d9290fd687940ac0b57fb35e6fd92bdb65386e08e99af60bf757"},
    {url = "https://files.pythonhosted.org/packages/b1/71/eea5f690e5f8d77cdde455d7e42bae0a2d918bec886f0e7fefb6836c51f4/pillow-10.2.0-cp311-cp311-win_arm64.whl", hash = "sha256:edca80cbfb2b68d7b56930b84a0e45ae1694aeba0541f798e908a49d66b837f1"},
    {url = "https://files.pythonhosted.org/packages/c3/d7/0a90083a253b8382f6d56181b264daba3c95ddd425116edd7b90061b746a/pillow-10.2.0-cp310-cp310-musllinux_1_1_aarch64.whl", hash = "sha256:51f1a1bffc50e2e9492e87d8e09a17c5eea8409cda8d3f277eb6edc82813c17c"},
    {url = "https://files.pythonhosted.org/packages/c5/01/f7711289cbd0e9503195f0579242d46fc7b64dc2ed1ce6a31b2972a6e074/pillow-10.2.0-pp310-pypy310_pp73-manylinux_2_17_aarch64.manylinux2014_aarch64.whl", hash = "sha256:3eedd52442c0a5ff4f887fab0c1c0bb164d8635b32c894bc1faf4c618dd89df2"},
    {url = "https://files.pythonhosted.org/packages/cb/c3/98faa3e92cf866b9446c4842f1fe847e672b2f54e000cb984157b8095797/pillow-10.2.0-cp310-cp310-manylinux_2_28_x86_64.whl", hash = "sha256:322bdf3c9b556e9ffb18f93462e5f749d3444ce081290352c6070d014c93feb2"},
    {url = "https://files.pythonhosted.org/packages/cc/93/2140418b39801ac8f3bc670dd18626e8d6420d19b88f20bddf464c4e7792/pillow-10.2.0-pp38-pypy38_pp73-win_amd64.whl", hash = "sha256:d8e6aeb9201e655354b3ad049cb77d19813ad4ece0df1249d3c793de3774f8c7"},
    {url = "https://files.pythonhosted.org/packages/cd/34/73761ac5cf8bd24c0e65d7ad828cbf59448ea5ae3508aed71f34ec80fb9f/pillow-10.2.0-cp310-cp310-win_arm64.whl", hash = "sha256:7049e301399273a0136ff39b84c3678e314f2158f50f517bc50285fb5ec847ad"},
    {url = "https://files.pythonhosted.org/packages/ce/a7/11a539c1e12dfb9d67c35e5d3d99c7a6853face9083e6483360f4d9cd1d8/pillow-10.2.0-cp312-cp312-win32.whl", hash = "sha256:257d8788df5ca62c980314053197f4d46eefedf4e6175bc9412f14412ec4ea2f"},
    {url = "https://files.pythonhosted.org/packages/d7/70/0e076ee40ffbf2130408dc64195d6505770aba2eb30d07af5bc6f2f45ffb/pillow-10.2.0-pp310-pypy310_pp73-manylinux_2_28_x86_64.whl", hash = "sha256:3c31822339516fb3c82d03f30e22b1d038da87ef27b6a78c9549888f8ceda39a"},
    {url = "https://files.pythonhosted.org/packages/dc/0b/d0e7c11060f6231eb9b862db5c975f20ccc450f569ea64328792eae624bf/pillow-10.2.0-pp39-pypy39_pp73-manylinux_2_17_aarch64.manylinux2014_aarch64.whl", hash = "sha256:15587643b9e5eb26c48e49a7b33659790d28f190fc514a322d55da2fb5c2950e"},
    {url = "https://files.pythonhosted.org/packages/e6/c5/37e72d74c248adf133a2dd56890cf8632e2e46562e5fa70414445bbd3ae6/pillow-10.2.0-cp312-cp312-musllinux_1_1_aarch64.whl", hash = "sha256:8d12251f02d69d8310b046e82572ed486685c38f02176bd08baf216746eb947f"},
    {url = "https://files.pythonhosted.org/packages/ef/d8/f97270d25a003435e408e6d1e38d8eddc9b3e2c7b646719f4b3a5293685d/pillow-10.2.0-cp310-cp310-win_amd64.whl", hash = "sha256:aebb6044806f2e16ecc07b2a2637ee1ef67a11840a66752751714a0d924adf72"},
    {url = "https://files.pythonhosted.org/packages/f8/3e/32cbd0129a28686621434cbf17bb64bf1458bfb838f1f668262fefce145c/pillow-10.2.0.tar.gz", hash = "sha256:e87f0b2c78157e12d7686b27d63c070fd65d994e8ddae6f328e0dcf4a0cd007e"},
    {url = "https://files.pythonhosted.org/packages/fa/93/79979b8ab99da2958bf6fef1be745c344c4e727f07d1429c49c015e21db2/pillow-10.2.0-cp312-cp312-musllinux_1_1_x86_64.whl", hash = "sha256:54f1852cd531aa981bc0965b7d609f5f6cc8ce8c41b1139f6ed6b3c54ab82bfb"},
]

[[package]]
name = "prompt-toolkit"
version = "3.0.43"
requires_python = ">=3.7.0"
summary = "Library for building powerful interactive command lines in Python"
dependencies = [
    "wcwidth",
]
files = [
    {url = "https://files.pythonhosted.org/packages/cc/c6/25b6a3d5cd295304de1e32c9edbcf319a52e965b339629d37d42bb7126ca/prompt_toolkit-3.0.43.tar.gz", hash = "sha256:3527b7af26106cbc65a040bcc84839a3566ec1b051bb0bfe953631e704b0ff7d"},
    {url = "https://files.pythonhosted.org/packages/ee/fd/ca7bf3869e7caa7a037e23078539467b433a4e01eebd93f77180ab927766/prompt_toolkit-3.0.43-py3-none-any.whl", hash = "sha256:a11a29cb3bf0a28a387fe5122cdb649816a957cd9261dcedf8c9f1fef33eacf6"},
]

[[package]]
name = "ptyprocess"
version = "0.7.0"
summary = "Run a subprocess in a pseudo terminal"
files = [
    {url = "https://files.pythonhosted.org/packages/20/e5/16ff212c1e452235a90aeb09066144d0c5a6a8c0834397e03f5224495c4e/ptyprocess-0.7.0.tar.gz", hash = "sha256:5c5d0a3b48ceee0b48485e0c26037c0acd7d29765ca3fbb5cb3831d347423220"},
    {url = "https://files.pythonhosted.org/packages/22/a6/858897256d0deac81a172289110f31629fc4cee19b6f01283303e18c8db3/ptyprocess-0.7.0-py2.py3-none-any.whl", hash = "sha256:4b41f3967fce3af57cc7e94b888626c18bf37a083e3651ca8feeb66d492fef35"},
]

[[package]]
name = "pure-eval"
version = "0.2.2"
summary = "Safely evaluate AST nodes without side effects"
files = [
    {url = "https://files.pythonhosted.org/packages/2b/27/77f9d5684e6bce929f5cfe18d6cfbe5133013c06cb2fbf5933670e60761d/pure_eval-0.2.2-py3-none-any.whl", hash = "sha256:01eaab343580944bc56080ebe0a674b39ec44a945e6d09ba7db3cb8cec289350"},
    {url = "https://files.pythonhosted.org/packages/97/5a/0bc937c25d3ce4e0a74335222aee05455d6afa2888032185f8ab50cdf6fd/pure_eval-0.2.2.tar.gz", hash = "sha256:2b45320af6dfaa1750f543d714b6d1c520a1688dec6fd24d339063ce0aaa9ac3"},
]

[[package]]
name = "pygments"
version = "2.17.2"
requires_python = ">=3.7"
summary = "Pygments is a syntax highlighting package written in Python."
files = [
    {url = "https://files.pythonhosted.org/packages/55/59/8bccf4157baf25e4aa5a0bb7fa3ba8600907de105ebc22b0c78cfbf6f565/pygments-2.17.2.tar.gz", hash = "sha256:da46cec9fd2de5be3a8a784f434e4c4ab670b4ff54d605c4c2717e9d49c4c367"},
    {url = "https://files.pythonhosted.org/packages/97/9c/372fef8377a6e340b1704768d20daaded98bf13282b5327beb2e2fe2c7ef/pygments-2.17.2-py3-none-any.whl", hash = "sha256:b27c2826c47d0f3219f29554824c30c5e8945175d888647acd804ddd04af846c"},
]

[[package]]
name = "six"
version = "1.16.0"
requires_python = ">=2.7, !=3.0.*, !=3.1.*, !=3.2.*"
summary = "Python 2 and 3 compatibility utilities"
files = [
    {url = "https://files.pythonhosted.org/packages/71/39/171f1c67cd00715f190ba0b100d606d440a28c93c7714febeca8b79af85e/six-1.16.0.tar.gz", hash = "sha256:1e61c37477a1626458e36f7b1d82aa5c9b094fa4802892072e49de9c60c4c926"},
    {url = "https://files.pythonhosted.org/packages/d9/5a/e7c31adbe875f2abbb91bd84cf2dc52d792b5a01506781dbcf25c91daf11/six-1.16.0-py2.py3-none-any.whl", hash = "sha256:8abb2f1d86890a2dfb989f9a77cfcfd3e47c2a354b01111771326f8aa26e0254"},
]

[[package]]
name = "stack-data"
version = "0.6.3"
summary = "Extract data from python stack frames and tracebacks for informative displays"
dependencies = [
    "asttokens>=2.1.0",
    "executing>=1.2.0",
    "pure-eval",
]
files = [
    {url = "https://files.pythonhosted.org/packages/28/e3/55dcc2cfbc3ca9c29519eb6884dd1415ecb53b0e934862d3559ddcb7e20b/stack_data-0.6.3.tar.gz", hash = "sha256:836a778de4fec4dcd1dcd89ed8abff8a221f58308462e1c4aa2a3cf30148f0b9"},
    {url = "https://files.pythonhosted.org/packages/f1/7b/ce1eafaf1a76852e2ec9b22edecf1daa58175c090266e9f6c64afcd81d91/stack_data-0.6.3-py3-none-any.whl", hash = "sha256:d5558e0c25a4cb0853cddad3d77da9891a08cb85dd9f9f91b9f8cd66e511e695"},
]

[[package]]
name = "traitlets"
version = "5.14.1"
requires_python = ">=3.8"
summary = "Traitlets Python configuration system"
files = [
    {url = "https://files.pythonhosted.org/packages/45/34/5dc77fdc7bb4bd198317eea5679edf9cc0a186438b5b19dbb9062fb0f4d5/traitlets-5.14.1-py3-none-any.whl", hash = "sha256:2e5a030e6eff91737c643231bfcf04a65b0132078dad75e4936700b213652e74"},
    {url = "https://files.pythonhosted.org/packages/f1/b9/19206da568095bbf2e57f9f7f7cb6b3b2af2af2670f8c83c23a53d6c00cd/traitlets-5.14.1.tar.gz", hash = "sha256:8585105b371a04b8316a43d5ce29c098575c2e477850b62b848b964f1444527e"},
]

[[package]]
name = "wcwidth"
version = "0.2.13"
summary = "Measures the displayed width of unicode strings in a terminal"
files = [
    {url = "https://files.pythonhosted.org/packages/6c/63/53559446a878410fc5a5974feb13d31d78d752eb18aeba59c7fef1af7598/wcwidth-0.2.13.tar.gz", hash = "sha256:72ea0c06399eb286d978fdedb6923a9eb47e1c486ce63e9b4e64fc18303972b5"},
    {url = "https://files.pythonhosted.org/packages/fd/84/fd2ba7aafacbad3c4201d395674fc6348826569da3c0937e75505ead3528/wcwidth-0.2.13-py2.py3-none-any.whl", hash = "sha256:3da69048e4540d84af32131829ff948f1e022c1c6bdb8d6102117aac784f6859"},
]
