# This file is automatically @generated by Poetry 1.8.4 and should not be changed by hand.

[[package]]
name = "cowsay"
version = "6.1"
description = "The famous cowsay for GNU/Linux is now available for python"
optional = false
python-versions = ">=3.8"
files = [
    {file = "cowsay-6.1-py3-none-any.whl", hash = "sha256:274b1e6fc1b966d53976333eb90ac94cb07a450a700b455af9fbdf882244b30a"},
]

[metadata]
lock-version = "2.0"
python-versions = ">=3.9, <3.13"
content-hash = "c57faa453afe9855cf34d868d4ddf34e200e26909edf8314419dcf10cda44806"
