version = 1
revision = 3
requires-python = ">=3.10, <3.13"

[[package]]
name = "attrs"
version = "26.1.0"
source = { registry = "https://pypi.org/simple/" }
sdist = { url = "https://files.pythonhosted.org/packages/9a/8e/82a0fe20a541c03148528be8cac2408564a6c9a0cc7e9171802bc1d26985/attrs-26.1.0.tar.gz", hash = "sha256:d03ceb89cb322a8fd706d4fb91940737b6642aa36998fe130a9bc96c985eff32", size = 952055, upload-time = "2026-03-19T14:22:25.026Z" }
wheels = [
    { url = "https://files.pythonhosted.org/packages/64/b4/17d4b0b2a2dc85a6df63d1157e028ed19f90d4cd97c36717afef2bc2f395/attrs-26.1.0-py3-none-any.whl", hash = "sha256:c647aa4a12dfbad9333ca4e71fe62ddc36f4e63b2d260a37a8b83d2f043ac309", size = 67548, upload-time = "2026-03-19T14:22:23.645Z" },
]

[[package]]
name = "project-b"
version = "0.1.0"
source = { editable = "." }
dependencies = [
    { name = "attrs" },
    { name = "regex" },
]

[package.metadata]
requires-dist = [
    { name = "attrs", specifier = ">=24.2.0" },
    { name = "regex", specifier = ">=2024.11.6" },
]

[[package]]
name = "regex"
version = "2026.5.9"
source = { registry = "https://pypi.org/simple/" }
sdist = { url = "https://files.pythonhosted.org/packages/dc/0e/49aee608ad09480e7fd276898c99ec6192985fa331abe4eb3a986094490b/regex-2026.5.9.tar.gz", hash = "sha256:a8234aa23ec39894bfe4a3f1b85616a7032481964a13ac6fc9f10de4f6fca270", size = 416074, upload-time = "2026-05-09T23:15:19.37Z" }
wheels = [
    { url = "https://files.pythonhosted.org/packages/fe/ed/0ad2c8edf634918eb4484365d3819fa7bd7f58daf807fe7fb21812c316e5/regex-2026.5.9-cp310-cp310-macosx_10_9_universal2.whl", hash = "sha256:a9e1328e17c84c1a5d22ec9f785ecef4a967fab9a42b6a8dc3bcbebd0a0c9e44", size = 489438, upload-time = "2026-05-09T23:11:29.374Z" },
    { url = "https://files.pythonhosted.org/packages/89/a9/4ed972ad263963b860b7c3e86e0e1bcc791def47b43b8c8efe57e710f139/regex-2026.5.9-cp310-cp310-macosx_10_9_x86_64.whl", hash = "sha256:bfe1ce50cbfb569d74e1e4337da6468961f31dbea55fd85aa5de59c0947a805a", size = 291270, upload-time = "2026-05-09T23:11:33.254Z" },
    { url = "https://files.pythonhosted.org/packages/16/81/075930d9fa28c4ea1f53398dd015ee7c882f623539759113cda1257f4b82/regex-2026.5.9-cp310-cp310-macosx_11_0_arm64.whl", hash = "sha256:15ee42209947f4ca045412eae98416317238163618ace2a8e54f99586a466733", size = 289198, upload-time = "2026-05-09T23:11:35.769Z" },
    { url = "https://files.pythonhosted.org/packages/d4/c8/5cdfbf0b5dc6599e1b6131eff43262e5275d4ec3469ce10216061659aadb/regex-2026.5.9-cp310-cp310-manylinux2014_aarch64.manylinux_2_17_aarch64.manylinux_2_28_aarch64.whl", hash = "sha256:b4bb445ff3f725f59df8f6014edb547ee928ec7023a774f6a39a3f953038cbb2", size = 784765, upload-time = "2026-05-09T23:11:37.689Z" },
    { url = "https://files.pythonhosted.org/packages/cd/ca/ae5fd6edc59b7f84b904b31d6ec39a860cbcecd10f64bd5a062ca83a4864/regex-2026.5.9-cp310-cp310-manylinux2014_ppc64le.manylinux_2_17_ppc64le.manylinux_2_28_ppc64le.whl", hash = "sha256:446ddd671e43ab535810c4b21cff7104945c701d4a14d1e6d1cd6f4e445a8bea", size = 852115, upload-time = "2026-05-09T23:11:39.973Z" },
    { url = "https://files.pythonhosted.org/packages/f6/ce/a91cf555afb51f3b74a182e24ba073b91ea7bb64592fc4b315c111bb19fd/regex-2026.5.9-cp310-cp310-manylinux2014_s390x.manylinux_2_17_s390x.manylinux_2_28_s390x.whl", hash = "sha256:7b92817338591505f282cf3864c145244b1edcf5381d237038df955001091538", size = 899503, upload-time = "2026-05-09T23:11:42.48Z" },
    { url = "https://files.pythonhosted.org/packages/55/7f/725a0a2b245a4cf0c4bab29d0e97c74285d94136a65d1b55a6459a583502/regex-2026.5.9-cp310-cp310-manylinux2014_x86_64.manylinux_2_17_x86_64.manylinux_2_28_x86_64.whl", hash = "sha256:d6b8a143aca6c39b446ea8092cde25cc8fe9304d4f5fecfbc1a9dbb0282703c2", size = 794093, upload-time = "2026-05-09T23:11:44.681Z" },
    { url = "https://files.pythonhosted.org/packages/e3/2a/996efbd59ce6b5d4a09e3af6180ceb62af171f4a9a6fb557d2f0ae0d462b/regex-2026.5.9-cp310-cp310-manylinux2014_x86_64.manylinux_2_17_x86_64.whl", hash = "sha256:0f03aa6898aaaac4592479821df16e68e8d0e29e903e65d8f2dfb2f19028a989", size = 786234, upload-time = "2026-05-09T23:11:46.882Z" },
    { url = "https://files.pythonhosted.org/packages/4b/0a/8731e8b8806174c9cdd5903f80a14990331c1f42fc4209b540952e9e010d/regex-2026.5.9-cp310-cp310-manylinux_2_31_riscv64.manylinux_2_39_riscv64.whl", hash = "sha256:ed457d8e98ae812ed7732bef7bf78de78e834eae0372a74e23ca90ef21d910f9", size = 769895, upload-time = "2026-05-09T23:11:49.324Z" },
    { url = "https://files.pythonhosted.org/packages/9a/0b/932473194bd563f342a412ae2ffbbd6da608306a2bc4e99249a41c2b0b92/regex-2026.5.9-cp310-cp310-musllinux_1_2_aarch64.whl", hash = "sha256:71b61c5bfe1c806332defc42ad6c780b3c55f661986d7f40283a3a88274b4c00", size = 774991, upload-time = "2026-05-09T23:11:51.261Z" },
    { url = "https://files.pythonhosted.org/packages/98/80/9523d196010031df25f7177ee0a467efbee436324038e5d99def17a57515/regex-2026.5.9-cp310-cp310-musllinux_1_2_ppc64le.whl", hash = "sha256:3b1e39888c5e0c7d92cea4fc777396c4a90363b05de75d02eb459a4752200808", size = 848790, upload-time = "2026-05-09T23:11:53.232Z" },
    { url = "https://files.pythonhosted.org/packages/3c/07/56987b35e89edf47e4a38cf2845aeee476bfa688a6bdbd3e820cda461dc1/regex-2026.5.9-cp310-cp310-musllinux_1_2_riscv64.whl", hash = "sha256:6ba42b2e7e7f46cf68cc6a5ca36fa07959f9bbd9c6bdcc47b6ee76549a590248", size = 757679, upload-time = "2026-05-09T23:11:55.82Z" },
    { url = "https://files.pythonhosted.org/packages/04/2a/ff713fff0c566507c06a4ce2dc0ae8e7eeebc88811a95fc81cf1e7d534dd/regex-2026.5.9-cp310-cp310-musllinux_1_2_s390x.whl", hash = "sha256:c010eb8caca74bdb40c07498d7ece26b4428fd3f04aa8a72c9ac6f79e8faaac6", size = 837116, upload-time = "2026-05-09T23:11:57.934Z" },
    { url = "https://files.pythonhosted.org/packages/77/90/df6d982b03e3614785c6937ba51b57f6733d97d2ee1c9bc7531dbfab3a54/regex-2026.5.9-cp310-cp310-musllinux_1_2_x86_64.whl", hash = "sha256:a6a563446a41adc451393dc6b8e6ad87979efaee3c8738690a8d1b08ebead1b4", size = 782081, upload-time = "2026-05-09T23:11:59.607Z" },
    { url = "https://files.pythonhosted.org/packages/c7/8a/4e88a5f7c3e98489aac4dd23142723d907b2a595b4a6abcbacabefeded09/regex-2026.5.9-cp310-cp310-win32.whl", hash = "sha256:954cc214c04663ee6d266fc61739cad83054683048de65c5bd1d640ad28098ac", size = 266247, upload-time = "2026-05-09T23:12:01.116Z" },
    { url = "https://files.pythonhosted.org/packages/6a/40/4b224cb0582b2dca1786726e6cdabe26abbf757d7f6718332f186da155d2/regex-2026.5.9-cp310-cp310-win_amd64.whl", hash = "sha256:b310768746dd314ea6e2ff4cc89ef215426813396ff4e94ee8e6f7096c8b6e03", size = 278416, upload-time = "2026-05-09T23:12:03.2Z" },
    { url = "https://files.pythonhosted.org/packages/12/4d/014fbe803204cab0947ee428f09f658a29632053dde1d3c6176bb4f0fd4c/regex-2026.5.9-cp310-cp310-win_arm64.whl", hash = "sha256:19c16ceb4a267a8789e25733e583983eeab9f0f8664e66b0bd1c5d21f14c2d4b", size = 270413, upload-time = "2026-05-09T23:12:04.649Z" },
    { url = "https://files.pythonhosted.org/packages/c2/dc/c1f2df4027e82fc54b5a473e4b250f5139faca49a0fbe29a48668d228f34/regex-2026.5.9-cp311-cp311-macosx_10_9_universal2.whl", hash = "sha256:ccf5249114cc3e772ecdd88a98a86eca0fd74c61ce32a94743758c083fc05d48", size = 489445, upload-time = "2026-05-09T23:12:06.111Z" },
    { url = "https://files.pythonhosted.org/packages/03/d2/59f01110660081cce9c0bc30ebd0b5ee250dacf658e3248ed92f01e0e8ee/regex-2026.5.9-cp311-cp311-macosx_10_9_x86_64.whl", hash = "sha256:46f1326ca6e65b0879d23ca302c0f2415aad42ff0309b9c818e7949fe19a41d8", size = 291271, upload-time = "2026-05-09T23:12:07.731Z" },
    { url = "https://files.pythonhosted.org/packages/58/b6/14b2c84ff90ddb370c81d27503f4a0fcf071496416f4855f6cc8c5d81c35/regex-2026.5.9-cp311-cp311-macosx_11_0_arm64.whl", hash = "sha256:ef31cbfe458e21c6122ba8150ff060e0c7789ed0d26eb423f25472584920b555", size = 289212, upload-time = "2026-05-09T23:12:09.266Z" },
    { url = "https://files.pythonhosted.org/packages/03/d0/4db86529117320de0c84afd90e70bb47434625875e34fcef9d8c127c5b16/regex-2026.5.9-cp311-cp311-manylinux2014_aarch64.manylinux_2_17_aarch64.manylinux_2_28_aarch64.whl", hash = "sha256:992604d02e6d9c6d786c24a706a71ecffe1020fc1ef264044474cd81fa2c3919", size = 792310, upload-time = "2026-05-09T23:12:11.416Z" },
    { url = "https://files.pythonhosted.org/packages/07/78/fe4800cd322f862ecffd2d553409b20d80650e5ed71b9d178f853d020b82/regex-2026.5.9-cp311-cp311-manylinux2014_ppc64le.manylinux_2_17_ppc64le.manylinux_2_28_ppc64le.whl", hash = "sha256:c9411dd64ca95477225734a93dfc8583b51916b8d5942f99d6cac21e09965451", size = 861721, upload-time = "2026-05-09T23:12:13.681Z" },
    { url = "https://files.pythonhosted.org/packages/b5/d0/b3618a895dd8feb897c61bb2954edd265e1767d82a01d53065d5871127a3/regex-2026.5.9-cp311-cp311-manylinux2014_s390x.manylinux_2_17_s390x.manylinux_2_28_s390x.whl", hash = "sha256:3dd4a3ff360dfb836fecdb93a4598f9d6e2ac81e3e397125145c6221bf58cf4c", size = 906460, upload-time = "2026-05-09T23:12:15.443Z" },
    { url = "https://files.pythonhosted.org/packages/33/6f/1481597e859ef19508b345eec4afd1416ed6e6b459c75a64026ef193aecf/regex-2026.5.9-cp311-cp311-manylinux2014_x86_64.manylinux_2_17_x86_64.manylinux_2_28_x86_64.whl", hash = "sha256:2a661a7d270a61f7cf460caee8b9fa2d5ef9e5c681234bcb9e0fe14f488e7dfc", size = 799843, upload-time = "2026-05-09T23:12:16.892Z" },
    { url = "https://files.pythonhosted.org/packages/73/59/955734c803f59108deccba3597ae440c76b62a652733c0006e6243758420/regex-2026.5.9-cp311-cp311-manylinux_2_31_riscv64.manylinux_2_39_riscv64.whl", hash = "sha256:f079e50a0d3cc3cd5091fa9ff45869a2e6b2cd35895731edafb0327901a8d86d", size = 773610, upload-time = "2026-05-09T23:12:19.127Z" },
    { url = "https://files.pythonhosted.org/packages/68/8f/70c04a236d651c81881dac42ef8538bddda6121434509d0a22d9e601503b/regex-2026.5.9-cp311-cp311-musllinux_1_2_aarch64.whl", hash = "sha256:4ebe8f0b5ec5a5024dc4a4c59f444c4e9afc5f2abdbb8962065b75d27fb971f9", size = 781645, upload-time = "2026-05-09T23:12:20.806Z" },
    { url = "https://files.pythonhosted.org/packages/1d/96/05c7434d88185e5d27fe54aeb74df86bd77cd79f52f0b4eae54faa8fea70/regex-2026.5.9-cp311-cp311-musllinux_1_2_ppc64le.whl", hash = "sha256:97cf3bc1b7d7d2306772ec07366c80d9df00ff79e79cea32898883a646d2fae2", size = 854473, upload-time = "2026-05-09T23:12:22.465Z" },
    { url = "https://files.pythonhosted.org/packages/4e/c1/6e3d8202d981f3117004bf341ee74893ba4ba8a9fbaf4b94615846550a08/regex-2026.5.9-cp311-cp311-musllinux_1_2_riscv64.whl", hash = "sha256:0f9eede6a5cbdc02d4978090186390936e1776a7d1359b21e41014c609880bcf", size = 763311, upload-time = "2026-05-09T23:12:24.351Z" },
    { url = "https://files.pythonhosted.org/packages/93/c7/e7737f1526b3fb32bd4c337fd6c71c3ebb5c8296fc34d11197e0955d2e35/regex-2026.5.9-cp311-cp311-musllinux_1_2_s390x.whl", hash = "sha256:01f0f5f55f4b64dacec85dc116d3c05fd23ad3ff037bbc73a2085775953c2611", size = 844593, upload-time = "2026-05-09T23:12:26.341Z" },
    { url = "https://files.pythonhosted.org/packages/a5/27/0daffb1a535bb39f422c3d200f4ab023c71110ad66a32b366bee708baba0/regex-2026.5.9-cp311-cp311-musllinux_1_2_x86_64.whl", hash = "sha256:1268eddd8486dc561d08eee1156e40aa3a8fe10f4bdec8fa653b455fcbffd12c", size = 789167, upload-time = "2026-05-09T23:12:27.975Z" },
    { url = "https://files.pythonhosted.org/packages/ce/fc/294fe4fac4f2ed67207b17471815870c1c45b3a489e08e0ac96daea16ef6/regex-2026.5.9-cp311-cp311-win32.whl", hash = "sha256:8676474c07469d6f33dd1085ca2cd45f65785f32518f2b20e36d9953ca07f994", size = 266249, upload-time = "2026-05-09T23:12:30.141Z" },
    { url = "https://files.pythonhosted.org/packages/d0/b0/8dce459f6245bcf8f6e9f23ac9569f1a0f15c131cc0745e82b43226204cf/regex-2026.5.9-cp311-cp311-win_amd64.whl", hash = "sha256:246de9d60aa3f8538b519834dd95cbf276ea263d6a7bd5a3666dc3fa0230505b", size = 278423, upload-time = "2026-05-09T23:12:31.676Z" },
    { url = "https://files.pythonhosted.org/packages/db/8d/f9aeff6ad63a3ef720386f2907e6d34a35a510a6e498ebad28b0fb3f6ab6/regex-2026.5.9-cp311-cp311-win_arm64.whl", hash = "sha256:d726ca3f0d76969bf1e8e477d160d3d666bbf999f6860bd314889e5345782046", size = 270420, upload-time = "2026-05-09T23:12:33.194Z" },
    { url = "https://files.pythonhosted.org/packages/50/9b/6550044bc44e17c84d312c031c2ec42fbdb6a4ec4e29093be3a172d08772/regex-2026.5.9-cp312-cp312-macosx_10_13_universal2.whl", hash = "sha256:57eeeb05db7979413dec5438f2db21d7ecbba787cde7a711df1a6f6df672aa06", size = 490451, upload-time = "2026-05-09T23:12:34.72Z" },
    { url = "https://files.pythonhosted.org/packages/1e/95/fc7ba4303b5a0f92446a12ee6778ef2c6c799233f5060042a31bf390cfe9/regex-2026.5.9-cp312-cp312-macosx_10_13_x86_64.whl", hash = "sha256:398c521292f4c7fb807001dcd54694d3a1fcafc179a36ad9cc56f98df85930b6", size = 292112, upload-time = "2026-05-09T23:12:36.285Z" },
    { url = "https://files.pythonhosted.org/packages/54/4b/ee27938d1b2c443e89a9a10e00d2d19aa5ee300cd3d61140644e93bb083e/regex-2026.5.9-cp312-cp312-macosx_11_0_arm64.whl", hash = "sha256:f7a7c26137296beba7784de6eba69c6a93a63ccebc385e4962fe67e267a91225", size = 289599, upload-time = "2026-05-09T23:12:38.089Z" },
    { url = "https://files.pythonhosted.org/packages/d8/dd/ba103dc19614e25f3880800ca67ce093d6e21b325d72b8383c7bf906e9fa/regex-2026.5.9-cp312-cp312-manylinux2014_aarch64.manylinux_2_17_aarch64.manylinux_2_28_aarch64.whl", hash = "sha256:6441cc660d76107934a09c22167200839a0e89604a6297f78a974e66e931d2c0", size = 796732, upload-time = "2026-05-09T23:12:40.062Z" },
    { url = "https://files.pythonhosted.org/packages/cf/e7/f035b4fd858b050b0080bf302968dc0f59ba34e391872d54936758e6844e/regex-2026.5.9-cp312-cp312-manylinux2014_ppc64le.manylinux_2_17_ppc64le.manylinux_2_28_ppc64le.whl", hash = "sha256:91328f1c23d47595ca3ef0a7557fa129c5a23404b775c770697d2f35b33e0107", size = 865440, upload-time = "2026-05-09T23:12:42.059Z" },
    { url = "https://files.pythonhosted.org/packages/0a/51/8cd301ecc899aea28124357f729f4272f44de7806fc7ca02490bfbe253e8/regex-2026.5.9-cp312-cp312-manylinux2014_s390x.manylinux_2_17_s390x.manylinux_2_28_s390x.whl", hash = "sha256:93a7860539414dddaefba2b40f8771765ae17949d4c7182b876ce429e11a8309", size = 912329, upload-time = "2026-05-09T23:12:44.373Z" },
    { url = "https://files.pythonhosted.org/packages/cc/1e/3fbe2fa1e8cebd62f3bb7d3321cff1640aca2e240b51d9bd624aad949260/regex-2026.5.9-cp312-cp312-manylinux2014_x86_64.manylinux_2_17_x86_64.manylinux_2_28_x86_64.whl", hash = "sha256:dd2810d22146b6d838acc5ec15602cb6b47920aa4e33015df3868eedfd20bab8", size = 801239, upload-time = "2026-05-09T23:12:46.268Z" },
    { url = "https://files.pythonhosted.org/packages/17/2f/6f6008682bf2cf98040a0d3153a8e557b6ab728d7713d045cee4ce544ab8/regex-2026.5.9-cp312-cp312-manylinux_2_31_riscv64.manylinux_2_39_riscv64.whl", hash = "sha256:daff2bdbaf1d23e52fdff7c0b7bc2048b68f978df6a4d107ac981f94caef2e66", size = 777054, upload-time = "2026-05-09T23:12:48.051Z" },
    { url = "https://files.pythonhosted.org/packages/19/2b/eee0d20a6842ba04df4b8847a920b57ef56853f14ef85405473e586b605a/regex-2026.5.9-cp312-cp312-musllinux_1_2_aarch64.whl", hash = "sha256:4eeb011098fcb77af513dcef521a3dbecbf8849b1e38940759d293b7a93f5026", size = 785098, upload-time = "2026-05-09T23:12:49.851Z" },
    { url = "https://files.pythonhosted.org/packages/4a/98/6fc1e6410feefb92159edaed5041992bfe390e8d26c721865434acbca558/regex-2026.5.9-cp312-cp312-musllinux_1_2_ppc64le.whl", hash = "sha256:ea9c8ecfa1b73c73b626534d6626e5340d429630943672b8480724f44e84b962", size = 860095, upload-time = "2026-05-09T23:12:51.666Z" },
    { url = "https://files.pythonhosted.org/packages/18/a3/bd855e0f2cb1a978ecf6fa6bb69632dd9c3f6ea3b81cde62fde14c9daec7/regex-2026.5.9-cp312-cp312-musllinux_1_2_riscv64.whl", hash = "sha256:cd2846168eb9ee3c513902bc8225409cb1caab31d04728b145171fa1625d9621", size = 765762, upload-time = "2026-05-09T23:12:53.413Z" },
    { url = "https://files.pythonhosted.org/packages/dc/66/0ae8c092e60b14c79d24f8e0b7f0aea5bfbffdcab00b5483d13404d3c3a5/regex-2026.5.9-cp312-cp312-musllinux_1_2_s390x.whl", hash = "sha256:39617fb0cde9c0e6306dc70e3bfc096f3da793219879f7ae7aa341a69fbdcf6d", size = 852100, upload-time = "2026-05-09T23:12:55.256Z" },
    { url = "https://files.pythonhosted.org/packages/21/de/8dfde60fc1b21c946a893ba273403b72617edb261370cb1087099a83f088/regex-2026.5.9-cp312-cp312-musllinux_1_2_x86_64.whl", hash = "sha256:fd03c4f0e33280d15cae17159b899245d6b7c53d21def19b263b39655061f5ce", size = 789479, upload-time = "2026-05-09T23:12:57.573Z" },
    { url = "https://files.pythonhosted.org/packages/c3/1c/bdcc98f9a4af4fdd166c74941174619ccff4726d3ce32faa8e9a2ecd38dd/regex-2026.5.9-cp312-cp312-win32.whl", hash = "sha256:164eba9b755ea6f244b0d881196fbc1fac09714e9782c9e2732b813142033c8e", size = 266699, upload-time = "2026-05-09T23:12:59.14Z" },
    { url = "https://files.pythonhosted.org/packages/78/87/240d36864f9e48ace85f72e79ced97ceb7f27ce87739a947dcb834b4e6bc/regex-2026.5.9-cp312-cp312-win_amd64.whl", hash = "sha256:86f40a5d6444db30a125c9c9177e6b25dad981cbc37451fd838f145e6edac92e", size = 277783, upload-time = "2026-05-09T23:13:00.789Z" },
    { url = "https://files.pythonhosted.org/packages/4f/b5/7b30f312b0669dff5beebe5b0989dc2d1a312b1a44fab852199c387a5b96/regex-2026.5.9-cp312-cp312-win_arm64.whl", hash = "sha256:96f5f58b54a063d7ea9dca08e1cf57bfe10499c4d579ee672da284f57f5f0070", size = 270513, upload-time = "2026-05-09T23:13:02.426Z" },
]
