version = 1
revision = 3
requires-python = "==3.14.*"

[[package]]
name = "filelock"
version = "3.17.0"
source = { registry = "https://pypi.org/simple" }
sdist = { url = "https://files.pythonhosted.org/packages/dc/9c/0b15fb47b464e1b663b1acd1253a062aa5feecb07d4e597daea542ebd2b5/filelock-3.17.0.tar.gz", hash = "sha256:ee4e77401ef576ebb38cd7f13b9b28893194acc20a8e68e18730ba9c0e54660e", size = 18027, upload-time = "2025-01-21T20:04:49.099Z" }
wheels = [
    { url = "https://files.pythonhosted.org/packages/89/ec/00d68c4ddfedfe64159999e5f8a98fb8442729a63e2077eb9dcd89623d27/filelock-3.17.0-py3-none-any.whl", hash = "sha256:533dc2f7ba78dc2f0f531fc6c4940addf7b70a481e269a5a3b93be94ffbe8338", size = 16164, upload-time = "2025-01-21T20:04:47.734Z" },
]

[[package]]
name = "flit-core"
version = "4.1.0"
source = { registry = "https://pypi.org/simple" }
sdist = { url = "https://files.pythonhosted.org/packages/e7/91/add211b38c357bf1b94900b4f79c34661a92be65c0243d2b0a3393c5092d/flit_core-4.1.0.tar.gz", hash = "sha256:62e12b63ead8335b37f59fabb977c7167fe476dafb5e41785dfa8c9aff843bc6", size = 54678, upload-time = "2026-09-16T10:46:58.455Z" }
wheels = [
    { url = "https://files.pythonhosted.org/packages/38/2a/8ea4bd54734f0fcbb507c28cb6b79d72f528e40498178a01cb35fc5d686f/flit_core-4.1.0-py3-none-any.whl", hash = "sha256:17398cdd2c38b24047a5a9c93089ec5c0bf12ec3d1469bbf69c27ed7965299db", size = 45622, upload-time = "2026-09-16T10:46:56.119Z" },
]

[[package]]
name = "hatch-vcs"
version = "0.5.0"
source = { registry = "https://pypi.org/simple" }
dependencies = [
    { name = "hatchling" },
    { name = "setuptools-scm" },
]
sdist = { url = "https://files.pythonhosted.org/packages/6b/b0/4cc743d38adbee9d57d786fa496ed1daadb17e48589b6da8fa55717a0746/hatch_vcs-0.5.0.tar.gz", hash = "sha256:0395fa126940340215090c344a2bf4e2a77bcbe7daab16f41b37b98c95809ff9", size = 11424, upload-time = "2025-05-27T05:16:04.49Z" }
wheels = [
    { url = "https://files.pythonhosted.org/packages/5f/48/1f85cee4b7b4f40b9b814b1febbc661bda6ced9649e410a0b74f6e415dd0/hatch_vcs-0.5.0-py3-none-any.whl", hash = "sha256:b49677dbdc597460cc22d01b27ab3696f5e16a21ecf2700fb01bc28e1f2a04a7", size = 8507, upload-time = "2025-05-27T05:16:03.184Z" },
]

[[package]]
name = "hatchling"
version = "1.32.4"
source = { registry = "https://pypi.org/simple" }
dependencies = [
    { name = "packaging" },
    { name = "pathspec" },
    { name = "pluggy" },
    { name = "tomlkit" },
    { name = "trove-classifiers" },
]
sdist = { url = "https://files.pythonhosted.org/packages/f6/97/b5312f01a8c6daf729a9d272dd442e0c546dbcc630495788786c4b567ed0/hatchling-1.32.4.tar.gz", hash = "sha256:c4468f73144c054d2aab4ef0f0378c43b9878bf07f8ffd6b79690e970d375f07", size = 58065, upload-time = "2026-09-20T22:48:45.398Z" }
wheels = [
    { url = "https://files.pythonhosted.org/packages/5f/80/91f51f439c05d4ec4623c22928ce16a938d6d793bf709477830823497859/hatchling-1.32.4-py3-none-any.whl", hash = "sha256:08ecf7548fb48205e7f213d70c71e67b8271b7242093dc3f1da578b42c734a2c", size = 78748, upload-time = "2026-09-20T22:48:44.19Z" },
]

[[package]]
name = "packaging"
version = "26.2"
source = { registry = "https://pypi.org/simple" }
sdist = { url = "https://files.pythonhosted.org/packages/d7/f1/e7a6dd94a8d4a5626c03e4e99c87f241ba9e350cd9e6d75123f992427270/packaging-26.2.tar.gz", hash = "sha256:ff452ff5a3e828ce110190feff1178bb1f2ea2281fa2075aadb987c2fb221661", size = 228134, upload-time = "2026-04-24T20:15:23.917Z" }
wheels = [
    { url = "https://files.pythonhosted.org/packages/df/b2/87e62e8c3e2f4b32e5fe99e0b86d576da1312593b39f47d8ceef365e95ed/packaging-26.2-py3-none-any.whl", hash = "sha256:5fc45236b9446107ff2415ce77c807cee2862cb6fac22b8a73826d0693b0980e", size = 100195, upload-time = "2026-04-24T20:15:22.081Z" },
]

[[package]]
name = "pathspec"
version = "1.1.1"
source = { registry = "https://pypi.org/simple" }
sdist = { url = "https://files.pythonhosted.org/packages/5a/82/42f767fc1c1143d6fd36efb827202a2d997a375e160a71eb2888a925aac1/pathspec-1.1.1.tar.gz", hash = "sha256:17db5ecd524104a120e173814c90367a96a98d07c45b2e10c2f3919fff91bf5a", size = 135180, upload-time = "2026-04-27T01:46:08.907Z" }
wheels = [
    { url = "https://files.pythonhosted.org/packages/f1/d9/7fb5aa316bc299258e68c73ba3bddbc499654a07f151cba08f6153988714/pathspec-1.1.1-py3-none-any.whl", hash = "sha256:a00ce642f577bf7f473932318056212bc4f8bfdf53128c78bbd5af0b9b20b189", size = 57328, upload-time = "2026-04-27T01:46:07.06Z" },
]

[[package]]
name = "pluggy"
version = "1.6.0"
source = { registry = "https://pypi.org/simple" }
sdist = { url = "https://files.pythonhosted.org/packages/f9/e2/3e91f31a7d2b083fe6ef3fa267035b518369d9511ffab804f839851d2779/pluggy-1.6.0.tar.gz", hash = "sha256:7dcc130b76258d33b90f61b658791dede3486c3e6bfb003ee5c9bfb396dd22f3", size = 69412, upload-time = "2025-05-15T12:30:07.975Z" }
wheels = [
    { url = "https://files.pythonhosted.org/packages/54/20/4d324d65cc6d9205fabedc306948156824eb9f0ee1633355a8f7ec5c66bf/pluggy-1.6.0-py3-none-any.whl", hash = "sha256:e920276dd6813095e9377c0bc5566d94c932c33b27a3e3945d8389c374dd4746", size = 20538, upload-time = "2025-05-15T12:30:06.134Z" },
]

[[package]]
name = "pyproject-metadata"
version = "0.8.1"
source = { registry = "https://pypi.org/simple" }
dependencies = [
    { name = "packaging" },
]
sdist = { url = "https://files.pythonhosted.org/packages/fa/24/47dc876eacddcf7125fe59cd26b064530c7e58655dae87f6928bf47aabaf/pyproject_metadata-0.8.1.tar.gz", hash = "sha256:e6b494d4fbac8007ed0efd3a08df067bb28a299fb113b885ce77e492ad1f0600", size = 15404, upload-time = "2024-10-07T18:41:22.535Z" }
wheels = [
    { url = "https://files.pythonhosted.org/packages/22/81/42aaafbff27ca340eef777a4e3e8a509941e75fc0eeb9da2be5ee4159041/pyproject_metadata-0.8.1-py3-none-any.whl", hash = "sha256:adf593fa478b787c90cc77fcea4114f19a3a1335532bdcba2851be9459a6c39e", size = 7810, upload-time = "2024-10-07T18:41:20.495Z" },
]

[[package]]
name = "rules-pycross-e2e-pure-python"
version = "0.1.0"
source = { editable = "." }
dependencies = [
    { name = "filelock" },
    { name = "flit-core" },
    { name = "hatch-vcs" },
    { name = "hatchling" },
    { name = "pyproject-metadata" },
    { name = "tomli" },
    { name = "wheel" },
]

[package.metadata]
requires-dist = [
    { name = "filelock", specifier = "==3.17.0" },
    { name = "flit-core" },
    { name = "hatch-vcs" },
    { name = "hatchling" },
    { name = "pyproject-metadata", specifier = "==0.8.1" },
    { name = "tomli", specifier = "==2.2.1" },
    { name = "wheel" },
]

[[package]]
name = "setuptools"
version = "84.0.0"
source = { registry = "https://pypi.org/simple" }
sdist = { url = "https://files.pythonhosted.org/packages/6d/44/f5da03a8ef95d369145c5bb53050e7877c9f3d312e128605fd9504829143/setuptools-84.0.0.tar.gz", hash = "sha256:f4695c21257f0d9b537ec2692c941d02ee143b7cc1276941349a546573b2ef73", size = 1168449, upload-time = "2026-08-08T18:27:58.365Z" }
wheels = [
    { url = "https://files.pythonhosted.org/packages/95/9c/c510029fc6ef33a6275cd2c5d3cecd6613dfd6aa401d57c54f1c18852ccf/setuptools-84.0.0-py3-none-any.whl", hash = "sha256:51a52592b3b99e102b609654876bd65f19f999935166d1352678931132b0c670", size = 818216, upload-time = "2026-08-08T18:27:56.719Z" },
]

[[package]]
name = "setuptools-scm"
version = "10.3.4"
source = { registry = "https://pypi.org/simple" }
dependencies = [
    { name = "packaging" },
    { name = "setuptools" },
    { name = "vcs-versioning" },
]
sdist = { url = "https://files.pythonhosted.org/packages/85/d8/fc143f88819ccf10ba2388ba86732ee2de193e578234e25a783f6cc14bf7/setuptools_scm-10.3.4.tar.gz", hash = "sha256:a69f28bfc245608781205e912faae437c2b2165773afa4e7b979d77447a69dd2", size = 78410, upload-time = "2026-09-23T19:21:42.95Z" }
wheels = [
    { url = "https://files.pythonhosted.org/packages/da/f5/54538a1f17ea753c42b0928dc2e62986d463f8c393340b9a1e602f2d4dd9/setuptools_scm-10.3.4-py3-none-any.whl", hash = "sha256:82f34c3e3084fc2b57d397200637cc13f2338004052d2fee47baa5f0e902464e", size = 33366, upload-time = "2026-09-23T19:21:41.607Z" },
]

[[package]]
name = "tomli"
version = "2.2.1"
source = { registry = "https://pypi.org/simple" }
sdist = { url = "https://files.pythonhosted.org/packages/18/87/302344fed471e44a87289cf4967697d07e532f2421fdaf868a303cbae4ff/tomli-2.2.1.tar.gz", hash = "sha256:cd45e1dc79c835ce60f7404ec8119f2eb06d38b1deba146f07ced3bbc44505ff", size = 17175, upload-time = "2024-11-27T22:38:36.873Z" }
wheels = [
    { url = "https://files.pythonhosted.org/packages/6e/c2/61d3e0f47e2b74ef40a68b9e6ad5984f6241a942f7cd3bbfbdbd03861ea9/tomli-2.2.1-py3-none-any.whl", hash = "sha256:cb55c73c5f4408779d0cf3eef9f762b9c9f147a77de7b258bef0a5628adc85cc", size = 14257, upload-time = "2024-11-27T22:38:35.385Z" },
]

[[package]]
name = "tomlkit"
version = "0.15.1"
source = { registry = "https://pypi.org/simple" }
sdist = { url = "https://files.pythonhosted.org/packages/94/96/e07752635b98536177fa1f37671c8f3cdde2e724c6bcf6034b2cfb571565/tomlkit-0.15.1.tar.gz", hash = "sha256:e25bbf38843005246210a12982776f27f99cb9be67160e14434d0c0d21ee1e97", size = 180129, upload-time = "2026-07-17T01:48:04.562Z" }
wheels = [
    { url = "https://files.pythonhosted.org/packages/13/bc/8c13eb66537dce1d2bd3a57132902f38d0e7f5bb46fa9f4daed9fe9d76ee/tomlkit-0.15.1-py3-none-any.whl", hash = "sha256:177a05aece5a8ca5266fd3c448abb47b8d352f09d477d3ca8332db4d89b24304", size = 49449, upload-time = "2026-07-17T01:48:05.728Z" },
]

[[package]]
name = "trove-classifiers"
version = "2026.9.21.13"
source = { registry = "https://pypi.org/simple" }
sdist = { url = "https://files.pythonhosted.org/packages/bf/93/af436dfaa845cab5d96f0adbc1e4f3730532d37fa249e4eb796fb1d7fc82/trove_classifiers-2026.9.21.13.tar.gz", hash = "sha256:0a9ebc8d4e2f3e8a22848c5258033035bec17a3012ac3fea16dbaa764489eb71", size = 17085, upload-time = "2026-09-21T13:29:07.301Z" }
wheels = [
    { url = "https://files.pythonhosted.org/packages/30/81/0da8afb52a71d0a4f2bd3152357b1a441e393b286374802b9d3addab4ab5/trove_classifiers-2026.9.21.13-py3-none-any.whl", hash = "sha256:8b1ff4f9c191b1040b71c37f1e445ab99732911e3cd91de52838453a854d7a17", size = 14232, upload-time = "2026-09-21T13:29:06.123Z" },
]

[[package]]
name = "vcs-versioning"
version = "2.6.0"
source = { registry = "https://pypi.org/simple" }
dependencies = [
    { name = "packaging" },
]
sdist = { url = "https://files.pythonhosted.org/packages/ad/e7/2a691db7d076b75d099fdba1a14cd966931f2aeb591e77f6d22f15097326/vcs_versioning-2.6.0.tar.gz", hash = "sha256:22e9159288e2d8bca2fa6f6c31c34c9c66aec157f60e9e526f5d160d2516d60f", size = 166800, upload-time = "2026-10-06T22:21:55.024Z" }
wheels = [
    { url = "https://files.pythonhosted.org/packages/73/1d/ad4064bf12f4503bf61e65d74c93c523672776d25ee0a06aaf42ae09ef3f/vcs_versioning-2.6.0-py3-none-any.whl", hash = "sha256:f8bebd1302ebc12e67ceb30fc7dd698ec969414b6fa43b30c3f14ac9b1e72c41", size = 123154, upload-time = "2026-10-06T22:21:53.267Z" },
]

[[package]]
name = "wheel"
version = "0.48.0"
source = { registry = "https://pypi.org/simple" }
dependencies = [
    { name = "packaging" },
]
sdist = { url = "https://files.pythonhosted.org/packages/d0/20/50ed6bdf27dec98b568a8ae25dc599f35baa3d9709f9e83fd1edb56b9a90/wheel-0.48.0.tar.gz", hash = "sha256:94800765601e9171bf5d58d066e640662842bcedcbab982b2c90787a2c987322", size = 66471, upload-time = "2026-08-11T22:02:27.327Z" }
wheels = [
    { url = "https://files.pythonhosted.org/packages/2e/29/69cfbb602cd91690c55d38ba9fe53e6a7e76a6fa647bf38f19c138d25449/wheel-0.48.0-py3-none-any.whl", hash = "sha256:3217dcc807155e45db462d7ef2431f5ddda0d7273b700d05a67b271ceb1287ab", size = 33320, upload-time = "2026-08-11T22:02:26.1Z" },
]
