version = 1
requires-python = ">=3.9, <3.13"

[[distribution]]
name = "cowsay"
version = "6.1"
source = { registry = "https://pypi.org/simple" }
wheels = [
    { url = "https://files.pythonhosted.org/packages/f1/13/63c0a02c44024ee16f664e0b36eefeb22d54e93531630bd99e237986f534/cowsay-6.1-py3-none-any.whl", hash = "sha256:274b1e6fc1b966d53976333eb90ac94cb07a450a700b455af9fbdf882244b30a", size = 25560 },
]

[[distribution]]
name = "rules-pycross-test"
version = "0.1.0"
source = { editable = "." }
dependencies = [
    { name = "cowsay" },
]
