version = 1
revision = 3
requires-python = "==3.14.*"

[[package]]
name = "psycopg2"
version = "2.9.10"
source = { registry = "https://pypi.org/simple/" }
sdist = { url = "https://files.pythonhosted.org/packages/62/51/2007ea29e605957a17ac6357115d0c1a1b60c8c984951c19419b3474cdfd/psycopg2-2.9.10.tar.gz", hash = "sha256:12ec0b40b0273f95296233e8750441339298e6a572f7039da5b260e3c8b60e11", size = 385672, upload-time = "2024-10-16T11:24:54.832Z" }

[[package]]
name = "rules-pycross-e2e-setuptools"
version = "0.1.0"
source = { editable = "." }
dependencies = [
    { name = "psycopg2" },
    { name = "setproctitle" },
    { name = "setuptools" },
    { name = "wheel" },
]

[package.metadata]
requires-dist = [
    { name = "psycopg2", specifier = "==2.9.10" },
    { name = "setproctitle", specifier = "==1.3.2" },
    { name = "setuptools", specifier = "==69.5.1" },
    { name = "wheel", specifier = "==0.37.0" },
]

[[package]]
name = "setproctitle"
version = "1.3.2"
source = { registry = "https://pypi.org/simple/" }
sdist = { url = "https://files.pythonhosted.org/packages/b5/47/ac709629ddb9779fee29b7d10ae9580f60a4b37e49bce72360ddf9a79cdc/setproctitle-1.3.2.tar.gz", hash = "sha256:b9fb97907c830d260fa0658ed58afd48a86b2b88aac521135c352ff7fd3477fd", size = 27173, upload-time = "2022-08-11T11:13:25.768Z" }

[[package]]
name = "setuptools"
version = "69.5.1"
source = { registry = "https://pypi.org/simple/" }
sdist = { url = "https://files.pythonhosted.org/packages/d6/4f/b10f707e14ef7de524fe1f8988a294fb262a29c9b5b12275c7e188864aed/setuptools-69.5.1.tar.gz", hash = "sha256:6c1fccdac05a97e598fb0ae3bbed5904ccb317337a51139dcd51453611bbb987", size = 2291314, upload-time = "2024-04-13T21:06:28.589Z" }
wheels = [
    { url = "https://files.pythonhosted.org/packages/f7/29/13965af254e3373bceae8fb9a0e6ea0d0e571171b80d6646932131d6439b/setuptools-69.5.1-py3-none-any.whl", hash = "sha256:c636ac361bc47580504644275c9ad802c50415c7522212252c033bd15f301f32", size = 894566, upload-time = "2024-04-13T21:06:23.256Z" },
]

[[package]]
name = "wheel"
version = "0.37.0"
source = { registry = "https://pypi.org/simple/" }
sdist = { url = "https://files.pythonhosted.org/packages/4e/be/8139f127b4db2f79c8b117c80af56a3078cc4824b5b94250c7f81a70e03b/wheel-0.37.0.tar.gz", hash = "sha256:e2ef7239991699e3355d54f8e968a21bb940a1dbf34a4d226741e64462516fad", size = 65671, upload-time = "2021-08-09T20:48:34.787Z" }
wheels = [
    { url = "https://files.pythonhosted.org/packages/04/80/cad93b40262f5d09f6de82adbee452fd43cdff60830b56a74c5930f7e277/wheel-0.37.0-py2.py3-none-any.whl", hash = "sha256:21014b2bd93c6d0034b6ba5d35e4eb284340e09d63c59aef6fc14b0f346146fd", size = 35161, upload-time = "2021-08-09T20:48:33.257Z" },
]
