# This file is @generated by PDM.
# It is not intended for manual editing.

[metadata]
groups = ["default", "dev"]
strategy = ["inherit_metadata"]
lock_version = "4.5.0"
content_hash = "sha256:048ff595d36e9ea5f229607b5240deacaec36329b7facf5cbae7974b4144c57b"

[[metadata.targets]]
requires_python = ">=3.10,<3.13"

[[package]]
name = "attrs"
version = "26.1.0"
requires_python = ">=3.9"
summary = "Classes Without Boilerplate"
groups = ["dev"]
files = [
    {file = "attrs-26.1.0-py3-none-any.whl", hash = "sha256:c647aa4a12dfbad9333ca4e71fe62ddc36f4e63b2d260a37a8b83d2f043ac309"},
    {file = "attrs-26.1.0.tar.gz", hash = "sha256:d03ceb89cb322a8fd706d4fb91940737b6642aa36998fe130a9bc96c985eff32"},
]

[[package]]
name = "project-a"
version = "0.1.0"
requires_python = ">=3.10, <3.13"
editable = true
path = "./project_a"
summary = ""
groups = ["dev"]
dependencies = [
    "regex>=2024.11.6",
    "six>=1.17.0",
]

[[package]]
name = "project-b"
version = "0.1.0"
requires_python = ">=3.10, <3.13"
editable = true
path = "./project_b"
summary = ""
groups = ["dev"]
dependencies = [
    "attrs>=24.2.0",
    "regex>=2024.11.6",
]

[[package]]
name = "regex"
version = "2026.5.9"
requires_python = ">=3.10"
summary = "Alternative regular expression module, to replace re."
groups = ["dev"]
files = [
    {file = "regex-2026.5.9-cp310-cp310-macosx_10_9_universal2.whl", hash = "sha256:a9e1328e17c84c1a5d22ec9f785ecef4a967fab9a42b6a8dc3bcbebd0a0c9e44"},
    {file = "regex-2026.5.9-cp310-cp310-macosx_10_9_x86_64.whl", hash = "sha256:bfe1ce50cbfb569d74e1e4337da6468961f31dbea55fd85aa5de59c0947a805a"},
    {file = "regex-2026.5.9-cp310-cp310-macosx_11_0_arm64.whl", hash = "sha256:15ee42209947f4ca045412eae98416317238163618ace2a8e54f99586a466733"},
    {file = "regex-2026.5.9-cp310-cp310-manylinux2014_aarch64.manylinux_2_17_aarch64.manylinux_2_28_aarch64.whl", hash = "sha256:b4bb445ff3f725f59df8f6014edb547ee928ec7023a774f6a39a3f953038cbb2"},
    {file = "regex-2026.5.9-cp310-cp310-manylinux2014_ppc64le.manylinux_2_17_ppc64le.manylinux_2_28_ppc64le.whl", hash = "sha256:446ddd671e43ab535810c4b21cff7104945c701d4a14d1e6d1cd6f4e445a8bea"},
    {file = "regex-2026.5.9-cp310-cp310-manylinux2014_s390x.manylinux_2_17_s390x.manylinux_2_28_s390x.whl", hash = "sha256:7b92817338591505f282cf3864c145244b1edcf5381d237038df955001091538"},
    {file = "regex-2026.5.9-cp310-cp310-manylinux2014_x86_64.manylinux_2_17_x86_64.manylinux_2_28_x86_64.whl", hash = "sha256:d6b8a143aca6c39b446ea8092cde25cc8fe9304d4f5fecfbc1a9dbb0282703c2"},
    {file = "regex-2026.5.9-cp310-cp310-manylinux2014_x86_64.manylinux_2_17_x86_64.whl", hash = "sha256:0f03aa6898aaaac4592479821df16e68e8d0e29e903e65d8f2dfb2f19028a989"},
    {file = "regex-2026.5.9-cp310-cp310-manylinux_2_31_riscv64.manylinux_2_39_riscv64.whl", hash = "sha256:ed457d8e98ae812ed7732bef7bf78de78e834eae0372a74e23ca90ef21d910f9"},
    {file = "regex-2026.5.9-cp310-cp310-musllinux_1_2_aarch64.whl", hash = "sha256:71b61c5bfe1c806332defc42ad6c780b3c55f661986d7f40283a3a88274b4c00"},
    {file = "regex-2026.5.9-cp310-cp310-musllinux_1_2_ppc64le.whl", hash = "sha256:3b1e39888c5e0c7d92cea4fc777396c4a90363b05de75d02eb459a4752200808"},
    {file = "regex-2026.5.9-cp310-cp310-musllinux_1_2_riscv64.whl", hash = "sha256:6ba42b2e7e7f46cf68cc6a5ca36fa07959f9bbd9c6bdcc47b6ee76549a590248"},
    {file = "regex-2026.5.9-cp310-cp310-musllinux_1_2_s390x.whl", hash = "sha256:c010eb8caca74bdb40c07498d7ece26b4428fd3f04aa8a72c9ac6f79e8faaac6"},
    {file = "regex-2026.5.9-cp310-cp310-musllinux_1_2_x86_64.whl", hash = "sha256:a6a563446a41adc451393dc6b8e6ad87979efaee3c8738690a8d1b08ebead1b4"},
    {file = "regex-2026.5.9-cp310-cp310-win32.whl", hash = "sha256:954cc214c04663ee6d266fc61739cad83054683048de65c5bd1d640ad28098ac"},
    {file = "regex-2026.5.9-cp310-cp310-win_amd64.whl", hash = "sha256:b310768746dd314ea6e2ff4cc89ef215426813396ff4e94ee8e6f7096c8b6e03"},
    {file = "regex-2026.5.9-cp310-cp310-win_arm64.whl", hash = "sha256:19c16ceb4a267a8789e25733e583983eeab9f0f8664e66b0bd1c5d21f14c2d4b"},
    {file = "regex-2026.5.9-cp311-cp311-macosx_10_9_universal2.whl", hash = "sha256:ccf5249114cc3e772ecdd88a98a86eca0fd74c61ce32a94743758c083fc05d48"},
    {file = "regex-2026.5.9-cp311-cp311-macosx_10_9_x86_64.whl", hash = "sha256:46f1326ca6e65b0879d23ca302c0f2415aad42ff0309b9c818e7949fe19a41d8"},
    {file = "regex-2026.5.9-cp311-cp311-macosx_11_0_arm64.whl", hash = "sha256:ef31cbfe458e21c6122ba8150ff060e0c7789ed0d26eb423f25472584920b555"},
    {file = "regex-2026.5.9-cp311-cp311-manylinux2014_aarch64.manylinux_2_17_aarch64.manylinux_2_28_aarch64.whl", hash = "sha256:992604d02e6d9c6d786c24a706a71ecffe1020fc1ef264044474cd81fa2c3919"},
    {file = "regex-2026.5.9-cp311-cp311-manylinux2014_ppc64le.manylinux_2_17_ppc64le.manylinux_2_28_ppc64le.whl", hash = "sha256:c9411dd64ca95477225734a93dfc8583b51916b8d5942f99d6cac21e09965451"},
    {file = "regex-2026.5.9-cp311-cp311-manylinux2014_s390x.manylinux_2_17_s390x.manylinux_2_28_s390x.whl", hash = "sha256:3dd4a3ff360dfb836fecdb93a4598f9d6e2ac81e3e397125145c6221bf58cf4c"},
    {file = "regex-2026.5.9-cp311-cp311-manylinux2014_x86_64.manylinux_2_17_x86_64.manylinux_2_28_x86_64.whl", hash = "sha256:2a661a7d270a61f7cf460caee8b9fa2d5ef9e5c681234bcb9e0fe14f488e7dfc"},
    {file = "regex-2026.5.9-cp311-cp311-manylinux_2_31_riscv64.manylinux_2_39_riscv64.whl", hash = "sha256:f079e50a0d3cc3cd5091fa9ff45869a2e6b2cd35895731edafb0327901a8d86d"},
    {file = "regex-2026.5.9-cp311-cp311-musllinux_1_2_aarch64.whl", hash = "sha256:4ebe8f0b5ec5a5024dc4a4c59f444c4e9afc5f2abdbb8962065b75d27fb971f9"},
    {file = "regex-2026.5.9-cp311-cp311-musllinux_1_2_ppc64le.whl", hash = "sha256:97cf3bc1b7d7d2306772ec07366c80d9df00ff79e79cea32898883a646d2fae2"},
    {file = "regex-2026.5.9-cp311-cp311-musllinux_1_2_riscv64.whl", hash = "sha256:0f9eede6a5cbdc02d4978090186390936e1776a7d1359b21e41014c609880bcf"},
    {file = "regex-2026.5.9-cp311-cp311-musllinux_1_2_s390x.whl", hash = "sha256:01f0f5f55f4b64dacec85dc116d3c05fd23ad3ff037bbc73a2085775953c2611"},
    {file = "regex-2026.5.9-cp311-cp311-musllinux_1_2_x86_64.whl", hash = "sha256:1268eddd8486dc561d08eee1156e40aa3a8fe10f4bdec8fa653b455fcbffd12c"},
    {file = "regex-2026.5.9-cp311-cp311-win32.whl", hash = "sha256:8676474c07469d6f33dd1085ca2cd45f65785f32518f2b20e36d9953ca07f994"},
    {file = "regex-2026.5.9-cp311-cp311-win_amd64.whl", hash = "sha256:246de9d60aa3f8538b519834dd95cbf276ea263d6a7bd5a3666dc3fa0230505b"},
    {file = "regex-2026.5.9-cp311-cp311-win_arm64.whl", hash = "sha256:d726ca3f0d76969bf1e8e477d160d3d666bbf999f6860bd314889e5345782046"},
    {file = "regex-2026.5.9-cp312-cp312-macosx_10_13_universal2.whl", hash = "sha256:57eeeb05db7979413dec5438f2db21d7ecbba787cde7a711df1a6f6df672aa06"},
    {file = "regex-2026.5.9-cp312-cp312-macosx_10_13_x86_64.whl", hash = "sha256:398c521292f4c7fb807001dcd54694d3a1fcafc179a36ad9cc56f98df85930b6"},
    {file = "regex-2026.5.9-cp312-cp312-macosx_11_0_arm64.whl", hash = "sha256:f7a7c26137296beba7784de6eba69c6a93a63ccebc385e4962fe67e267a91225"},
    {file = "regex-2026.5.9-cp312-cp312-manylinux2014_aarch64.manylinux_2_17_aarch64.manylinux_2_28_aarch64.whl", hash = "sha256:6441cc660d76107934a09c22167200839a0e89604a6297f78a974e66e931d2c0"},
    {file = "regex-2026.5.9-cp312-cp312-manylinux2014_ppc64le.manylinux_2_17_ppc64le.manylinux_2_28_ppc64le.whl", hash = "sha256:91328f1c23d47595ca3ef0a7557fa129c5a23404b775c770697d2f35b33e0107"},
    {file = "regex-2026.5.9-cp312-cp312-manylinux2014_s390x.manylinux_2_17_s390x.manylinux_2_28_s390x.whl", hash = "sha256:93a7860539414dddaefba2b40f8771765ae17949d4c7182b876ce429e11a8309"},
    {file = "regex-2026.5.9-cp312-cp312-manylinux2014_x86_64.manylinux_2_17_x86_64.manylinux_2_28_x86_64.whl", hash = "sha256:dd2810d22146b6d838acc5ec15602cb6b47920aa4e33015df3868eedfd20bab8"},
    {file = "regex-2026.5.9-cp312-cp312-manylinux_2_31_riscv64.manylinux_2_39_riscv64.whl", hash = "sha256:daff2bdbaf1d23e52fdff7c0b7bc2048b68f978df6a4d107ac981f94caef2e66"},
    {file = "regex-2026.5.9-cp312-cp312-musllinux_1_2_aarch64.whl", hash = "sha256:4eeb011098fcb77af513dcef521a3dbecbf8849b1e38940759d293b7a93f5026"},
    {file = "regex-2026.5.9-cp312-cp312-musllinux_1_2_ppc64le.whl", hash = "sha256:ea9c8ecfa1b73c73b626534d6626e5340d429630943672b8480724f44e84b962"},
    {file = "regex-2026.5.9-cp312-cp312-musllinux_1_2_riscv64.whl", hash = "sha256:cd2846168eb9ee3c513902bc8225409cb1caab31d04728b145171fa1625d9621"},
    {file = "regex-2026.5.9-cp312-cp312-musllinux_1_2_s390x.whl", hash = "sha256:39617fb0cde9c0e6306dc70e3bfc096f3da793219879f7ae7aa341a69fbdcf6d"},
    {file = "regex-2026.5.9-cp312-cp312-musllinux_1_2_x86_64.whl", hash = "sha256:fd03c4f0e33280d15cae17159b899245d6b7c53d21def19b263b39655061f5ce"},
    {file = "regex-2026.5.9-cp312-cp312-win32.whl", hash = "sha256:164eba9b755ea6f244b0d881196fbc1fac09714e9782c9e2732b813142033c8e"},
    {file = "regex-2026.5.9-cp312-cp312-win_amd64.whl", hash = "sha256:86f40a5d6444db30a125c9c9177e6b25dad981cbc37451fd838f145e6edac92e"},
    {file = "regex-2026.5.9-cp312-cp312-win_arm64.whl", hash = "sha256:96f5f58b54a063d7ea9dca08e1cf57bfe10499c4d579ee672da284f57f5f0070"},
    {file = "regex-2026.5.9.tar.gz", hash = "sha256:a8234aa23ec39894bfe4a3f1b85616a7032481964a13ac6fc9f10de4f6fca270"},
]

[[package]]
name = "six"
version = "1.17.0"
requires_python = "!=3.0.*,!=3.1.*,!=3.2.*,>=2.7"
summary = "Python 2 and 3 compatibility utilities"
groups = ["dev"]
files = [
    {file = "six-1.17.0-py2.py3-none-any.whl", hash = "sha256:4721f391ed90541fddacab5acf947aa0d3dc7d27b2e1e8eda2be8970586c3274"},
    {file = "six-1.17.0.tar.gz", hash = "sha256:ff70335d468e7eb6ec65b95b99d3a2836546063f63acc5171de367e834932a81"},
]
